// !$*UTF8*$!
{
	archiveVersion = 1;
	classes = {
	};
	objectVersion = 50;
	objects = {

/* Begin PBXBuildFile section */
		DB106C4622C53D4B00502D7C /* AppDelegate.swift in Sources */ = {isa = PBXBuildFile; fileRef = DB106C4522C53D4B00502D7C /* AppDelegate.swift */; };
		DB106C4822C53D4B00502D7C /* ViewController.swift in Sources */ = {isa = PBXBuildFile; fileRef = DB106C4722C53D4B00502D7C /* ViewController.swift */; };
		DB106C4A22C53D4C00502D7C /* Assets.xcassets in Resources */ = {isa = PBXBuildFile; fileRef = DB106C4922C53D4C00502D7C /* Assets.xcassets */; };
		DB106C4D22C53D4C00502D7C /* Main.storyboard in Resources */ = {isa = PBXBuildFile; fileRef = DB106C4B22C53D4C00502D7C /* Main.storyboard */; };
		DB106C5922C53D4C00502D7C /* Song_RatingTests.swift in Sources */ = {isa = PBXBuildFile; fileRef = DB106C5822C53D4C00502D7C /* Song_RatingTests.swift */; };
/* End PBXBuildFile section */

/* Begin PBXContainerItemProxy section */
		DB106C5522C53D4C00502D7C /* PBXContainerItemProxy */ = {
			isa = PBXContainerItemProxy;
			containerPortal = DB106C3A22C53D4B00502D7C /* Project object */;
			proxyType = 1;
			remoteGlobalIDString = DB106C4122C53D4B00502D7C;
			remoteInfo = "Song Rating";
		};
/* End PBXContainerItemProxy section */

/* Begin PBXFileReference section */
		DB106C4222C53D4B00502D7C /* Song Rating.app */ = {isa = PBXFileReference; explicitFileType = wrapper.application; includeInIndex = 0; path = "Song Rating.app"; sourceTree = BUILT_PRODUCTS_DIR; };
		DB106C4522C53D4B00502D7C /* AppDelegate.swift */ = {isa = PBXFileReference; lastKnownFileType = sourcecode.swift; path = AppDelegate.swift; sourceTree = "<group>"; };
		DB106C4722C53D4B00502D7C /* ViewController.swift */ = {isa = PBXFileReference; lastKnownFileType = sourcecode.swift; path = ViewController.swift; sourceTree = "<group>"; };
		DB106C4922C53D4C00502D7C /* Assets.xcassets */ = {isa = PBXFileReference; lastKnownFileType = folder.assetcatalog; path = Assets.xcassets; sourceTree = "<group>"; };
		DB106C4C22C53D4C00502D7C /* Base */ = {isa = PBXFileReference; lastKnownFileType = file.storyboard; name = Base; path = Base.lproj/Main.storyboard; sourceTree = "<group>"; };
		DB106C4E22C53D4C00502D7C /* Info.plist */ = {isa = PBXFileReference; lastKnownFileType = text.plist.xml; path = Info.plist; sourceTree = "<group>"; };
		DB106C4F22C53D4C00502D7C /* Song_Rating.entitlements */ = {isa = PBXFileReference; lastKnownFileType = text.plist.entitlements; path = Song_Rating.entitlements; sourceTree = "<group>"; };
		DB106C5422C53D4C00502D7C /* Song RatingTests.xctest */ = {isa = PBXFileReference; explicitFileType = wrapper.cfbundle; includeInIndex = 0; path = "Song RatingTests.xctest"; sourceTree = BUILT_PRODUCTS_DIR; };
		DB106C5822C53D4C00502D7C /* Song_RatingTests.swift */ = {isa = PBXFileReference; lastKnownFileType = sourcecode.swift; path = Song_RatingTests.swift; sourceTree = "<group>"; };
		DB106C5A22C53D4C00502D7C /* Info.plist */ = {isa = PBXFileReference; lastKnownFileType = text.plist.xml; path = Info.plist; sourceTree = "<group>"; };
/* End PBXFileReference section */

/* Begin PBXFrameworksBuildPhase section */
		DB106C3F22C53D4B00502D7C /* Frameworks */ = {
			isa = PBXFrameworksBuildPhase;
			buildActionMask = 2147483647;
			files = (
			);
			runOnlyForDeploymentPostprocessing = 0;
		};
		DB106C5122C53D4C00502D7C /* Frameworks */ = {
			isa = PBXFrameworksBuildPhase;
			buildActionMask = 2147483647;
			files = (
			);
			runOnlyForDeploymentPostprocessing = 0;
		};
/* End PBXFrameworksBuildPhase section */

/* Begin PBXGroup section */
		DB106C3922C53D4B00502D7C = {
			isa = PBXGroup;
			children = (
				DB106C4422C53D4B00502D7C /* Song Rating */,
				DB106C5722C53D4C00502D7C /* Song RatingTests */,
				DB106C4322C53D4B00502D7C /* Products */,
			);
			sourceTree = "<group>";
		};
		DB106C4322C53D4B00502D7C /* Products */ = {
			isa = PBXGroup;
			children = (
				DB106C4222C53D4B00502D7C /* Song Rating.app */,
				DB106C5422C53D4C00502D7C /* Song RatingTests.xctest */,
			);
			name = Products;
			sourceTree = "<group>";
		};
		DB106C4422C53D4B00502D7C /* Song Rating */ = {
			isa = PBXGroup;
			children = (
				DB106C4522C53D4B00502D7C /* AppDelegate.swift */,
				DB106C4722C53D4B00502D7C /* ViewController.swift */,
				DB106C4922C53D4C00502D7C /* Assets.xcassets */,
				DB106C4B22C53D4C00502D7C /* Main.storyboard */,
				DB106C4E22C53D4C00502D7C /* Info.plist */,
				DB106C4F22C53D4C00502D7C /* Song_Rating.entitlements */,
			);
			path = "Song Rating";
			sourceTree = "<group>";
		};
		DB106C5722C53D4C00502D7C /* Song RatingTests */ = {
			isa = PBXGroup;
			children = (
				DB106C5822C53D4C00502D7C /* Song_RatingTests.swift */,
				DB106C5A22C53D4C00502D7C /* Info.plist */,
			);
			path = "Song RatingTests";
			sourceTree = "<group>";
		};
/* End PBXGroup section */

/* Begin PBXNativeTarget section */
		DB106C4122C53D4B00502D7C /* Song Rating */ = {
			isa = PBXNativeTarget;
			buildConfigurationList = DB106C5D22C53D4C00502D7C /* Build configuration list for PBXNativeTarget "Song Rating" */;
			buildPhases = (
				DB106C3E22C53D4B00502D7C /* Sources */,
				DB106C3F22C53D4B00502D7C /* Frameworks */,
				DB106C4022C53D4B00502D7C /* Resources */,
			);
			buildRules = (
			);
			dependencies = (
			);
			name = "Song Rating";
			productName = "Song Rating";
			productReference = DB106C4222C53D4B00502D7C /* Song Rating.app */;
			productType = "com.apple.product-type.application";
		};
		DB106C5322C53D4C00502D7C /* Song RatingTests */ = {
			isa = PBXNativeTarget;
			buildConfigurationList = DB106C6022C53D4C00502D7C /* Build configuration list for PBXNativeTarget "Song RatingTests" */;
			buildPhases = (
				DB106C5022C53D4C00502D7C /* Sources */,
				DB106C5122C53D4C00502D7C /* Frameworks */,
				DB106C5222C53D4C00502D7C /* Resources */,
			);
			buildRules = (
			);
			dependencies = (
				DB106C5622C53D4C00502D7C /* PBXTargetDependency */,
			);
			name = "Song RatingTests";
			productName = "Song RatingTests";
			productReference = DB106C5422C53D4C00502D7C /* Song RatingTests.xctest */;
			productType = "com.apple.product-type.bundle.unit-test";
		};
/* End PBXNativeTarget section */

/* Begin PBXProject section */
		DB106C3A22C53D4B00502D7C /* Project object */ = {
			isa = PBXProject;
			attributes = {
				LastSwiftUpdateCheck = 1020;
				LastUpgradeCheck = 1020;
				ORGANIZATIONNAME = "Cirno MainasuK";
				TargetAttributes = {
					DB106C4122C53D4B00502D7C = {
						CreatedOnToolsVersion = 10.2.1;
					};
					DB106C5322C53D4C00502D7C = {
						CreatedOnToolsVersion = 10.2.1;
						TestTargetID = DB106C4122C53D4B00502D7C;
					};
				};
			};
			buildConfigurationList = DB106C3D22C53D4B00502D7C /* Build configuration list for PBXProject "Song Rating" */;
			compatibilityVersion = "Xcode 9.3";
			developmentRegion = en;
			hasScannedForEncodings = 0;
			knownRegions = (
				en,
				Base,
			);
			mainGroup = DB106C3922C53D4B00502D7C;
			productRefGroup = DB106C4322C53D4B00502D7C /* Products */;
			projectDirPath = "";
			projectRoot = "";
			targets = (
				DB106C4122C53D4B00502D7C /* Song Rating */,
				DB106C5322C53D4C00502D7C /* Song RatingTests */,
			);
		};
/* End PBXProject section */

/* Begin PBXResourcesBuildPhase section */
		DB106C4022C53D4B00502D7C /* Resources */ = {
			isa = PBXResourcesBuildPhase;
			buildActionMask = 2147483647;
			files = (
				DB106C4A22C53D4C00502D7C /* Assets.xcassets in Resources */,
				DB106C4D22C53D4C00502D7C /* Main.storyboard in Resources */,
			);
			runOnlyForDeploymentPostprocessing = 0;
		};
		DB106C5222C53D4C00502D7C /* Resources */ = {
			isa = PBXResourcesBuildPhase;
			buildActionMask = 2147483647;
			files = (
			);
			runOnlyForDeploymentPostprocessing = 0;
		};
/* End PBXResourcesBuildPhase section */

/* Begin PBXSourcesBuildPhase section */
		DB106C3E22C53D4B00502D7C /* Sources */ = {
			isa = PBXSourcesBuildPhase;
			buildActionMask = 2147483647;
			files = (
				DB106C4822C53D4B00502D7C /* ViewController.swift in Sources */,
				DB106C4622C53D4B00502D7C /* AppDelegate.swift in Sources */,
			);
			runOnlyForDeploymentPostprocessing = 0;
		};
		DB106C5022C53D4C00502D7C /* Sources */ = {
			isa = PBXSourcesBuildPhase;
			buildActionMask = 2147483647;
			files = (
				DB106C5922C53D4C00502D7C /* Song_RatingTests.swift in Sources */,
			);
			runOnlyForDeploymentPostprocessing = 0;
		};
/* End PBXSourcesBuildPhase section */

/* Begin PBXTargetDependency section */
		DB106C5622C53D4C00502D7C /* PBXTargetDependency */ = {
			isa = PBXTargetDependency;
			target = DB106C4122C53D4B00502D7C /* Song Rating */;
			targetProxy = DB106C5522C53D4C00502D7C /* PBXContainerItemProxy */;
		};
/* End PBXTargetDependency section */

/* Begin PBXVariantGroup section */
		DB106C4B22C53D4C00502D7C /* Main.storyboard */ = {
			isa = PBXVariantGroup;
			children = (
				DB106C4C22C53D4C00502D7C /* Base */,
			);
			name = Main.storyboard;
			sourceTree = "<group>";
		};
/* End PBXVariantGroup section */

/* Begin XCBuildConfiguration section */
		DB106C5B22C53D4C00502D7C /* Debug */ = {
			isa = XCBuildConfiguration;
			buildSettings = {
				ALWAYS_SEARCH_USER_PATHS = NO;
				CLANG_ANALYZER_NONNULL = YES;
				CLANG_ANALYZER_NUMBER_OBJECT_CONVERSION = YES_AGGRESSIVE;
				CLANG_CXX_LANGUAGE_STANDARD = "gnu++14";
				CLANG_CXX_LIBRARY = "libc++";
				CLANG_ENABLE_MODULES = YES;
				CLANG_ENABLE_OBJC_ARC = YES;
				CLANG_ENABLE_OBJC_WEAK = YES;
				CLANG_WARN_BLOCK_CAPTURE_AUTORELEASING = YES;
				CLANG_WARN_BOOL_CONVERSION = YES;
				CLANG_WARN_COMMA = YES;
				CLANG_WARN_CONSTANT_CONVERSION = YES;
				CLANG_WARN_DEPRECATED_OBJC_IMPLEMENTATIONS = YES;
				CLANG_WARN_DIRECT_OBJC_ISA_USAGE = YES_ERROR;
				CLANG_WARN_DOCUMENTATION_COMMENTS = YES;
				CLANG_WARN_EMPTY_BODY = YES;
				CLANG_WARN_ENUM_CONVERSION = YES;
				CLANG_WARN_INFINITE_RECURSION = YES;
				CLANG_WARN_INT_CONVERSION = YES;
				CLANG_WARN_NON_LITERAL_NULL_CONVERSION = YES;
				CLANG_WARN_OBJC_IMPLICIT_RETAIN_SELF = YES;
				CLANG_WARN_OBJC_LITERAL_CONVERSION = YES;
				CLANG_WARN_OBJC_ROOT_CLASS = YES_ERROR;
				CLANG_WARN_RANGE_LOOP_ANALYSIS = YES;
				CLANG_WARN_STRICT_PROTOTYPES = YES;
				CLANG_WARN_SUSPICIOUS_MOVE = YES;
				CLANG_WARN_UNGUARDED_AVAILABILITY = YES_AGGRESSIVE;
				CLANG_WARN_UNREACHABLE_CODE = YES;
				CLANG_WARN__DUPLICATE_METHOD_MATCH = YES;
				CODE_SIGN_IDENTITY = "Mac Developer";
				COPY_PHASE_STRIP = NO;
				DEBUG_INFORMATION_FORMAT = dwarf;
				ENABLE_STRICT_OBJC_MSGSEND = YES;
				ENABLE_TESTABILITY = YES;
				GCC_C_LANGUAGE_STANDARD = gnu11;
				GCC_DYNAMIC_NO_PIC = NO;
				GCC_NO_COMMON_BLOCKS = YES;
				GCC_OPTIMIZATION_LEVEL = 0;
				GCC_PREPROCESSOR_DEFINITIONS = (
					"DEBUG=1",
					"$(inherited)",
				);
				GCC_WARN_64_TO_32_BIT_CONVERSION = YES;
				GCC_WARN_ABOUT_RETURN_TYPE = YES_ERROR;
				GCC_WARN_UNDECLARED_SELECTOR = YES;
				GCC_WARN_UNINITIALIZED_AUTOS = YES_AGGRESSIVE;
				GCC_WARN_UNUSED_FUNCTION = YES;
				GCC_WARN_UNUSED_VARIABLE = YES;
				MACOSX_DEPLOYMENT_TARGET = 10.14;
				MTL_ENABLE_DEBUG_INFO = INCLUDE_SOURCE;
				MTL_FAST_MATH = YES;
				ONLY_ACTIVE_ARCH = YES;
				SDKROOT = macosx;
				SWIFT_ACTIVE_COMPILATION_CONDITIONS = DEBUG;
				SWIFT_OPTIMIZATION_LEVEL = "-Onone";
			};
			name = Debug;
		};
		DB106C5C22C53D4C00502D7C /* Release */ = {
			isa = XCBuildConfiguration;
			buildSettings = {
				ALWAYS_SEARCH_USER_PATHS = NO;
				CLANG_ANALYZER_NONNULL = YES;
				CLANG_ANALYZER_NUMBER_OBJECT_CONVERSION = YES_AGGRESSIVE;
				CLANG_CXX_LANGUAGE_STANDARD = "gnu++14";
				CLANG_CXX_LIBRARY = "libc++";
				CLANG_ENABLE_MODULES = YES;
				CLANG_ENABLE_OBJC_ARC = YES;
				CLANG_ENABLE_OBJC_WEAK = YES;
				CLANG_WARN_BLOCK_CAPTURE_AUTORELEASING = YES;
				CLANG_WARN_BOOL_CONVERSION = YES;
				CLANG_WARN_COMMA = YES;
				CLANG_WARN_CONSTANT_CONVERSION = YES;
				CLANG_WARN_DEPRECATED_OBJC_IMPLEMENTATIONS = YES;
				CLANG_WARN_DIRECT_OBJC_ISA_USAGE = YES_ERROR;
				CLANG_WARN_DOCUMENTATION_COMMENTS = YES;
				CLANG_WARN_EMPTY_BODY = YES;
				CLANG_WARN_ENUM_CONVERSION = YES;
				CLANG_WARN_INFINITE_RECURSION = YES;
				CLANG_WARN_INT_CONVERSION = YES;
				CLANG_WARN_NON_LITERAL_NULL_CONVERSION = YES;
				CLANG_WARN_OBJC_IMPLICIT_RETAIN_SELF = YES;
				CLANG_WARN_OBJC_LITERAL_CONVERSION = YES;
				CLANG_WARN_OBJC_ROOT_CLASS = YES_ERROR;
				CLANG_WARN_RANGE_LOOP_ANALYSIS = YES;
				CLANG_WARN_STRICT_PROTOTYPES = YES;
				CLANG_WARN_SUSPICIOUS_MOVE = YES;
				CLANG_WARN_UNGUARDED_AVAILABILITY = YES_AGGRESSIVE;
				CLANG_WARN_UNREACHABLE_CODE = YES;
				CLANG_WARN__DUPLICATE_METHOD_MATCH = YES;
				CODE_SIGN_IDENTITY = "Mac Developer";
				COPY_PHASE_STRIP = NO;
				DEBUG_INFORMATION_FORMAT = "dwarf-with-dsym";
				ENABLE_NS_ASSERTIONS = NO;
				ENABLE_STRICT_OBJC_MSGSEND = YES;
				GCC_C_LANGUAGE_STANDARD = gnu11;
				GCC_NO_COMMON_BLOCKS = YES;
				GCC_WARN_64_TO_32_BIT_CONVERSION = YES;
				GCC_WARN_ABOUT_RETURN_TYPE = YES_ERROR;
				GCC_WARN_UNDECLARED_SELECTOR = YES;
				GCC_WARN_UNINITIALIZED_AUTOS = YES_AGGRESSIVE;
				GCC_WARN_UNUSED_FUNCTION = YES;
				GCC_WARN_UNUSED_VARIABLE = YES;
				MACOSX_DEPLOYMENT_TARGET = 10.14;
				MTL_ENABLE_DEBUG_INFO = NO;
				MTL_FAST_MATH = YES;
				SDKROOT = macosx;
				SWIFT_COMPILATION_MODE = wholemodule;
				SWIFT_OPTIMIZATION_LEVEL = "-O";
			};
			name = Release;
		};
		DB106C5E22C53D4C00502D7C /* Debug */ = {
			isa = XCBuildConfiguration;
			buildSettings = {
				ASSETCATALOG_COMPILER_APPICON_NAME = AppIcon;
				CODE_SIGN_ENTITLEMENTS = "Song Rating/Song_Rating.entitlements";
				CODE_SIGN_STYLE = Automatic;
				COMBINE_HIDPI_IMAGES = YES;
				DEVELOPMENT_TEAM = A8K92XFF77;
				INFOPLIST_FILE = "Song Rating/Info.plist";
				LD_RUNPATH_SEARCH_PATHS = (
					"$(inherited)",
					"@executable_path/../Frameworks",
				);
				PRODUCT_BUNDLE_IDENTIFIER = "com.mainasuk.Song-Rating";
				PRODUCT_NAME = "$(TARGET_NAME)";
				SWIFT_VERSION = 5.0;
			};
			name = Debug;
		};
		DB106C5F22C53D4C00502D7C /* Release */ = {
			isa = XCBuildConfiguration;
			buildSettings = {
				ASSETCATALOG_COMPILER_APPICON_NAME = AppIcon;
				CODE_SIGN_ENTITLEMENTS = "Song Rating/Song_Rating.entitlements";
				CODE_SIGN_STYLE = Automatic;
				COMBINE_HIDPI_IMAGES = YES;
				DEVELOPMENT_TEAM = A8K92XFF77;
				INFOPLIST_FILE = "Song Rating/Info.plist";
				LD_RUNPATH_SEARCH_PATHS = (
					"$(inherited)",
					"@executable_path/../Frameworks",
				);
				PRODUCT_BUNDLE_IDENTIFIER = "com.mainasuk.Song-Rating";
				PRODUCT_NAME = "$(TARGET_NAME)";
				SWIFT_VERSION = 5.0;
			};
			name = Release;
		};
		DB106C6122C53D4C00502D7C /* Debug */ = {
			isa = XCBuildConfiguration;
			buildSettings = {
				ALWAYS_EMBED_SWIFT_STANDARD_LIBRARIES = YES;
				BUNDLE_LOADER = "$(TEST_HOST)";
				CODE_SIGN_STYLE = Automatic;
				COMBINE_HIDPI_IMAGES = YES;
				DEVELOPMENT_TEAM = A8K92XFF77;
				INFOPLIST_FILE = "Song RatingTests/Info.plist";
				LD_RUNPATH_SEARCH_PATHS = (
					"$(inherited)",
					"@executable_path/../Frameworks",
					"@loader_path/../Frameworks",
				);
				PRODUCT_BUNDLE_IDENTIFIER = "com.mainasuk.Song-RatingTests";
				PRODUCT_NAME = "$(TARGET_NAME)";
				SWIFT_VERSION = 5.0;
				TEST_HOST = "$(BUILT_PRODUCTS_DIR)/Song Rating.app/Contents/MacOS/Song Rating";
			};
			name = Debug;
		};
		DB106C6222C53D4C00502D7C /* Release */ = {
			isa = XCBuildConfiguration;
			buildSettings = {
				ALWAYS_EMBED_SWIFT_STANDARD_LIBRARIES = YES;
				BUNDLE_LOADER = "$(TEST_HOST)";
				CODE_SIGN_STYLE = Automatic;
				COMBINE_HIDPI_IMAGES = YES;
				DEVELOPMENT_TEAM = A8K92XFF77;
				INFOPLIST_FILE = "Song RatingTests/Info.plist";
				LD_RUNPATH_SEARCH_PATHS = (
					"$(inherited)",
					"@executable_path/../Frameworks",
					"@loader_path/../Frameworks",
				);
				PRODUCT_BUNDLE_IDENTIFIER = "com.mainasuk.Song-RatingTests";
				PRODUCT_NAME = "$(TARGET_NAME)";
				SWIFT_VERSION = 5.0;
				TEST_HOST = "$(BUILT_PRODUCTS_DIR)/Song Rating.app/Contents/MacOS/Song Rating";
			};
			name = Release;
		};
/* End XCBuildConfiguration section */

/* Begin XCConfigurationList section */
		DB106C3D22C53D4B00502D7C /* Build configuration list for PBXProject "Song Rating" */ = {
			isa = XCConfigurationList;
			buildConfigurations = (
				DB106C5B22C53D4C00502D7C /* Debug */,
				DB106C5C22C53D4C00502D7C /* Release */,
			);
			defaultConfigurationIsVisible = 0;
			defaultConfigurationName = Release;
		};
		DB106C5D22C53D4C00502D7C /* Build configuration list for PBXNativeTarget "Song Rating" */ = {
			isa = XCConfigurationList;
			buildConfigurations = (
				DB106C5E22C53D4C00502D7C /* Debug */,
				DB106C5F22C53D4C00502D7C /* Release */,
			);
			defaultConfigurationIsVisible = 0;
			defaultConfigurationName = Release;
		};
		DB106C6022C53D4C00502D7C /* Build configuration list for PBXNativeTarget "Song RatingTests" */ = {
			isa = XCConfigurationList;
			buildConfigurations = (
				DB106C6122C53D4C00502D7C /* Debug */,
				DB106C6222C53D4C00502D7C /* Release */,
			);
			defaultConfigurationIsVisible = 0;
			defaultConfigurationName = Release;
		};
/* End XCConfigurationList section */
	};
	rootObject = DB106C3A22C53D4B00502D7C /* Project object */;
}
