// !$*UTF8*$!
{
	archiveVersion = 1;
	classes = {
	};
	objectVersion = 51;
	objects = {

/* Begin PBXBuildFile section */
		96C540E9972EAA2E182EB6DF /* Pods_Song_RatingTests.framework in Frameworks */ = {isa = PBXBuildFile; fileRef = B59F99505CF4B180ECAECE6A /* Pods_Song_RatingTests.framework */; };
		DB106C4622C53D4B00502D7C /* AppDelegate.swift in Sources */ = {isa = PBXBuildFile; fileRef = DB106C4522C53D4B00502D7C /* AppDelegate.swift */; };
		DB106C4A22C53D4C00502D7C /* Assets.xcassets in Resources */ = {isa = PBXBuildFile; fileRef = DB106C4922C53D4C00502D7C /* Assets.xcassets */; };
		DB106C4D22C53D4C00502D7C /* Main.storyboard in Resources */ = {isa = PBXBuildFile; fileRef = DB106C4B22C53D4C00502D7C /* Main.storyboard */; };
		DB106C5922C53D4C00502D7C /* Song_RatingTests.swift in Sources */ = {isa = PBXBuildFile; fileRef = DB106C5822C53D4C00502D7C /* Song_RatingTests.swift */; };
		DB106C6922C65E8E00502D7C /* iTunesRadioStation.swift in Sources */ = {isa = PBXBuildFile; fileRef = DB106C6822C65E8E00502D7C /* iTunesRadioStation.swift */; };
		DB106C6B22C661F900502D7C /* PlayInfo.swift in Sources */ = {isa = PBXBuildFile; fileRef = DB106C6A22C661F900502D7C /* PlayInfo.swift */; };
		DB106CA422CA3C7300502D7C /* Star.swift in Sources */ = {isa = PBXBuildFile; fileRef = DB106CA322CA3C7300502D7C /* Star.swift */; };
		DB106CA622CA3EE700502D7C /* Stars.swift in Sources */ = {isa = PBXBuildFile; fileRef = DB106CA522CA3EE700502D7C /* Stars.swift */; };
		DB106CA822CA45BB00502D7C /* RatingControl.swift in Sources */ = {isa = PBXBuildFile; fileRef = DB106CA722CA45BB00502D7C /* RatingControl.swift */; };
		DB106CC422CA86A500502D7C /* iTunes.swift in Sources */ = {isa = PBXBuildFile; fileRef = DB106C6322C53DAE00502D7C /* iTunes.swift */; };
		DB89C9EB22E2B7DF003981F5 /* MenuBarRatingControl.swift in Sources */ = {isa = PBXBuildFile; fileRef = DB89C9EA22E2B7DF003981F5 /* MenuBarRatingControl.swift */; };
		DB89C9F122E2C949003981F5 /* iTunesRadioStationTrackRatingChange.swift in Sources */ = {isa = PBXBuildFile; fileRef = DB89C9F022E2C949003981F5 /* iTunesRadioStationTrackRatingChange.swift */; };
		DB89C9F322E2D766003981F5 /* MenuBarIcon.swift in Sources */ = {isa = PBXBuildFile; fileRef = DB89C9F222E2D766003981F5 /* MenuBarIcon.swift */; };
		DB89C9F522E3176C003981F5 /* iTunesLibraryTests.swift in Sources */ = {isa = PBXBuildFile; fileRef = DB89C9F422E3176C003981F5 /* iTunesLibraryTests.swift */; };
		DB89C9FE22E31B67003981F5 /* iTunesLibrary.framework in Frameworks */ = {isa = PBXBuildFile; fileRef = DB89C9FD22E31B67003981F5 /* iTunesLibrary.framework */; };
		DB89CA0022E37826003981F5 /* OSVersionHelper.swift in Sources */ = {isa = PBXBuildFile; fileRef = DB89C9FF22E37826003981F5 /* OSVersionHelper.swift */; };
		DB95216A22CB186F007FCF40 /* WindowManager.swift in Sources */ = {isa = PBXBuildFile; fileRef = DB95216922CB186F007FCF40 /* WindowManager.swift */; };
		DB95216E22CB1CB8007FCF40 /* AboutViewController.swift in Sources */ = {isa = PBXBuildFile; fileRef = DB95216D22CB1CB8007FCF40 /* AboutViewController.swift */; };
		DB95217222CB3E68007FCF40 /* PreferencesViewController.swift in Sources */ = {isa = PBXBuildFile; fileRef = DB95217122CB3E68007FCF40 /* PreferencesViewController.swift */; };
		FE421476F34E641428B030E9 /* Pods_Song_Rating.framework in Frameworks */ = {isa = PBXBuildFile; fileRef = 9DFF0EB36C01E667D4778CCC /* Pods_Song_Rating.framework */; };
/* End PBXBuildFile section */

/* Begin PBXContainerItemProxy section */
		DB106C5522C53D4C00502D7C /* PBXContainerItemProxy */ = {
			isa = PBXContainerItemProxy;
			containerPortal = DB106C3A22C53D4B00502D7C /* Project object */;
			proxyType = 1;
			remoteGlobalIDString = DB106C4122C53D4B00502D7C;
			remoteInfo = "Song Rating";
		};
/* End PBXContainerItemProxy section */

/* Begin PBXFileReference section */
		3B451B28FF2FB910317B4EF7 /* Pods-Song Rating.release.xcconfig */ = {isa = PBXFileReference; includeInIndex = 1; lastKnownFileType = text.xcconfig; name = "Pods-Song Rating.release.xcconfig"; path = "Target Support Files/Pods-Song Rating/Pods-Song Rating.release.xcconfig"; sourceTree = "<group>"; };
		607F74272AF7FF7D00E2879E /* Pods-Song Rating.debug.xcconfig */ = {isa = PBXFileReference; includeInIndex = 1; lastKnownFileType = text.xcconfig; name = "Pods-Song Rating.debug.xcconfig"; path = "Target Support Files/Pods-Song Rating/Pods-Song Rating.debug.xcconfig"; sourceTree = "<group>"; };
		6B0E3B3CE6260A0C7B82DB6C /* Pods-Song RatingTests.debug.xcconfig */ = {isa = PBXFileReference; includeInIndex = 1; lastKnownFileType = text.xcconfig; name = "Pods-Song RatingTests.debug.xcconfig"; path = "Target Support Files/Pods-Song RatingTests/Pods-Song RatingTests.debug.xcconfig"; sourceTree = "<group>"; };
		9DFF0EB36C01E667D4778CCC /* Pods_Song_Rating.framework */ = {isa = PBXFileReference; explicitFileType = wrapper.framework; includeInIndex = 0; path = Pods_Song_Rating.framework; sourceTree = BUILT_PRODUCTS_DIR; };
		B59F99505CF4B180ECAECE6A /* Pods_Song_RatingTests.framework */ = {isa = PBXFileReference; explicitFileType = wrapper.framework; includeInIndex = 0; path = Pods_Song_RatingTests.framework; sourceTree = BUILT_PRODUCTS_DIR; };
		BB3C7008577650EFDD93EC17 /* Pods-Song RatingTests.release.xcconfig */ = {isa = PBXFileReference; includeInIndex = 1; lastKnownFileType = text.xcconfig; name = "Pods-Song RatingTests.release.xcconfig"; path = "Target Support Files/Pods-Song RatingTests/Pods-Song RatingTests.release.xcconfig"; sourceTree = "<group>"; };
		DB106C4222C53D4B00502D7C /* Song Rating.app */ = {isa = PBXFileReference; explicitFileType = wrapper.application; includeInIndex = 0; path = "Song Rating.app"; sourceTree = BUILT_PRODUCTS_DIR; };
		DB106C4522C53D4B00502D7C /* AppDelegate.swift */ = {isa = PBXFileReference; lastKnownFileType = sourcecode.swift; path = AppDelegate.swift; sourceTree = "<group>"; };
		DB106C4922C53D4C00502D7C /* Assets.xcassets */ = {isa = PBXFileReference; lastKnownFileType = folder.assetcatalog; path = Assets.xcassets; sourceTree = "<group>"; };
		DB106C4C22C53D4C00502D7C /* Base */ = {isa = PBXFileReference; lastKnownFileType = file.storyboard; name = Base; path = Base.lproj/Main.storyboard; sourceTree = "<group>"; };
		DB106C4E22C53D4C00502D7C /* Info.plist */ = {isa = PBXFileReference; lastKnownFileType = text.plist.xml; path = Info.plist; sourceTree = "<group>"; };
		DB106C5422C53D4C00502D7C /* Song RatingTests.xctest */ = {isa = PBXFileReference; explicitFileType = wrapper.cfbundle; includeInIndex = 0; path = "Song RatingTests.xctest"; sourceTree = BUILT_PRODUCTS_DIR; };
		DB106C5822C53D4C00502D7C /* Song_RatingTests.swift */ = {isa = PBXFileReference; lastKnownFileType = sourcecode.swift; path = Song_RatingTests.swift; sourceTree = "<group>"; };
		DB106C5A22C53D4C00502D7C /* Info.plist */ = {isa = PBXFileReference; lastKnownFileType = text.plist.xml; path = Info.plist; sourceTree = "<group>"; };
		DB106C6322C53DAE00502D7C /* iTunes.swift */ = {isa = PBXFileReference; lastKnownFileType = sourcecode.swift; path = iTunes.swift; sourceTree = "<group>"; };
		DB106C6722C5433900502D7C /* Song Rating.entitlements */ = {isa = PBXFileReference; lastKnownFileType = text.plist.entitlements; path = "Song Rating.entitlements"; sourceTree = "<group>"; };
		DB106C6822C65E8E00502D7C /* iTunesRadioStation.swift */ = {isa = PBXFileReference; lastKnownFileType = sourcecode.swift; path = iTunesRadioStation.swift; sourceTree = "<group>"; };
		DB106C6A22C661F900502D7C /* PlayInfo.swift */ = {isa = PBXFileReference; lastKnownFileType = sourcecode.swift; path = PlayInfo.swift; sourceTree = "<group>"; };
		DB106CA322CA3C7300502D7C /* Star.swift */ = {isa = PBXFileReference; lastKnownFileType = sourcecode.swift; path = Star.swift; sourceTree = "<group>"; };
		DB106CA522CA3EE700502D7C /* Stars.swift */ = {isa = PBXFileReference; lastKnownFileType = sourcecode.swift; path = Stars.swift; sourceTree = "<group>"; };
		DB106CA722CA45BB00502D7C /* RatingControl.swift */ = {isa = PBXFileReference; lastKnownFileType = sourcecode.swift; path = RatingControl.swift; sourceTree = "<group>"; };
		DB89C9EA22E2B7DF003981F5 /* MenuBarRatingControl.swift */ = {isa = PBXFileReference; lastKnownFileType = sourcecode.swift; path = MenuBarRatingControl.swift; sourceTree = "<group>"; };
		DB89C9F022E2C949003981F5 /* iTunesRadioStationTrackRatingChange.swift */ = {isa = PBXFileReference; lastKnownFileType = sourcecode.swift; path = iTunesRadioStationTrackRatingChange.swift; sourceTree = "<group>"; };
		DB89C9F222E2D766003981F5 /* MenuBarIcon.swift */ = {isa = PBXFileReference; lastKnownFileType = sourcecode.swift; path = MenuBarIcon.swift; sourceTree = "<group>"; };
		DB89C9F422E3176C003981F5 /* iTunesLibraryTests.swift */ = {isa = PBXFileReference; lastKnownFileType = sourcecode.swift; path = iTunesLibraryTests.swift; sourceTree = "<group>"; };
		DB89C9FD22E31B67003981F5 /* iTunesLibrary.framework */ = {isa = PBXFileReference; lastKnownFileType = wrapper.framework; name = iTunesLibrary.framework; path = System/Library/Frameworks/iTunesLibrary.framework; sourceTree = SDKROOT; };
		DB89C9FF22E37826003981F5 /* OSVersionHelper.swift */ = {isa = PBXFileReference; fileEncoding = 4; lastKnownFileType = sourcecode.swift; path = OSVersionHelper.swift; sourceTree = "<group>"; };
		DB95216922CB186F007FCF40 /* WindowManager.swift */ = {isa = PBXFileReference; lastKnownFileType = sourcecode.swift; path = WindowManager.swift; sourceTree = "<group>"; };
		DB95216D22CB1CB8007FCF40 /* AboutViewController.swift */ = {isa = PBXFileReference; lastKnownFileType = sourcecode.swift; path = AboutViewController.swift; sourceTree = "<group>"; };
		DB95217122CB3E68007FCF40 /* PreferencesViewController.swift */ = {isa = PBXFileReference; lastKnownFileType = sourcecode.swift; path = PreferencesViewController.swift; sourceTree = "<group>"; };
/* End PBXFileReference section */

/* Begin PBXFrameworksBuildPhase section */
		DB106C3F22C53D4B00502D7C /* Frameworks */ = {
			isa = PBXFrameworksBuildPhase;
			buildActionMask = 2147483647;
			files = (
				DB89C9FE22E31B67003981F5 /* iTunesLibrary.framework in Frameworks */,
				FE421476F34E641428B030E9 /* Pods_Song_Rating.framework in Frameworks */,
			);
			runOnlyForDeploymentPostprocessing = 0;
		};
		DB106C5122C53D4C00502D7C /* Frameworks */ = {
			isa = PBXFrameworksBuildPhase;
			buildActionMask = 2147483647;
			files = (
				96C540E9972EAA2E182EB6DF /* Pods_Song_RatingTests.framework in Frameworks */,
			);
			runOnlyForDeploymentPostprocessing = 0;
		};
/* End PBXFrameworksBuildPhase section */

/* Begin PBXGroup section */
		46D6891CD4F2EAD4E5A9A137 /* Pods */ = {
			isa = PBXGroup;
			children = (
				607F74272AF7FF7D00E2879E /* Pods-Song Rating.debug.xcconfig */,
				3B451B28FF2FB910317B4EF7 /* Pods-Song Rating.release.xcconfig */,
				6B0E3B3CE6260A0C7B82DB6C /* Pods-Song RatingTests.debug.xcconfig */,
				BB3C7008577650EFDD93EC17 /* Pods-Song RatingTests.release.xcconfig */,
			);
			path = Pods;
			sourceTree = "<group>";
		};
		7E6699F3E558528B857B7A62 /* Frameworks */ = {
			isa = PBXGroup;
			children = (
				DB89C9FD22E31B67003981F5 /* iTunesLibrary.framework */,
				9DFF0EB36C01E667D4778CCC /* Pods_Song_Rating.framework */,
				B59F99505CF4B180ECAECE6A /* Pods_Song_RatingTests.framework */,
			);
			name = Frameworks;
			sourceTree = "<group>";
		};
		DB106C3922C53D4B00502D7C = {
			isa = PBXGroup;
			children = (
				DB106C4422C53D4B00502D7C /* Song Rating */,
				DB106C5722C53D4C00502D7C /* Song RatingTests */,
				DB106C4322C53D4B00502D7C /* Products */,
				46D6891CD4F2EAD4E5A9A137 /* Pods */,
				7E6699F3E558528B857B7A62 /* Frameworks */,
			);
			sourceTree = "<group>";
		};
		DB106C4322C53D4B00502D7C /* Products */ = {
			isa = PBXGroup;
			children = (
				DB106C4222C53D4B00502D7C /* Song Rating.app */,
				DB106C5422C53D4C00502D7C /* Song RatingTests.xctest */,
			);
			name = Products;
			sourceTree = "<group>";
		};
		DB106C4422C53D4B00502D7C /* Song Rating */ = {
			isa = PBXGroup;
			children = (
				DB106C6722C5433900502D7C /* Song Rating.entitlements */,
				DB106C4522C53D4B00502D7C /* AppDelegate.swift */,
				DB95216922CB186F007FCF40 /* WindowManager.swift */,
				DB95216D22CB1CB8007FCF40 /* AboutViewController.swift */,
				DB95217122CB3E68007FCF40 /* PreferencesViewController.swift */,
				DB106CC622CA9EB600502D7C /* Control */,
				DB106CC822CA9F2D00502D7C /* iTunes */,
				DB106CC722CA9ECE00502D7C /* Supporting Files */,
				DB106C4E22C53D4C00502D7C /* Info.plist */,
			);
			path = "Song Rating";
			sourceTree = "<group>";
		};
		DB106C5722C53D4C00502D7C /* Song RatingTests */ = {
			isa = PBXGroup;
			children = (
				DB106C5822C53D4C00502D7C /* Song_RatingTests.swift */,
				DB89C9F422E3176C003981F5 /* iTunesLibraryTests.swift */,
				DB106C5A22C53D4C00502D7C /* Info.plist */,
			);
			path = "Song RatingTests";
			sourceTree = "<group>";
		};
		DB106CC522CA9E9000502D7C /* Vendor */ = {
			isa = PBXGroup;
			children = (
				DB106C6322C53DAE00502D7C /* iTunes.swift */,
			);
			path = Vendor;
			sourceTree = "<group>";
		};
		DB106CC622CA9EB600502D7C /* Control */ = {
			isa = PBXGroup;
			children = (
				DB89C9EA22E2B7DF003981F5 /* MenuBarRatingControl.swift */,
				DB106CA722CA45BB00502D7C /* RatingControl.swift */,
				DB106CA322CA3C7300502D7C /* Star.swift */,
				DB106CA522CA3EE700502D7C /* Stars.swift */,
				DB89C9F222E2D766003981F5 /* MenuBarIcon.swift */,
			);
			path = Control;
			sourceTree = "<group>";
		};
		DB106CC722CA9ECE00502D7C /* Supporting Files */ = {
			isa = PBXGroup;
			children = (
				DB106C4922C53D4C00502D7C /* Assets.xcassets */,
				DB106C4B22C53D4C00502D7C /* Main.storyboard */,
			);
			path = "Supporting Files";
			sourceTree = "<group>";
		};
		DB106CC822CA9F2D00502D7C /* iTunes */ = {
			isa = PBXGroup;
			children = (
				DB106CC522CA9E9000502D7C /* Vendor */,
				DB106C6822C65E8E00502D7C /* iTunesRadioStation.swift */,
				DB89C9F022E2C949003981F5 /* iTunesRadioStationTrackRatingChange.swift */,
				DB106C6A22C661F900502D7C /* PlayInfo.swift */,
				DB89C9FF22E37826003981F5 /* OSVersionHelper.swift */,
			);
			path = iTunes;
			sourceTree = "<group>";
		};
/* End PBXGroup section */

/* Begin PBXNativeTarget section */
		DB106C4122C53D4B00502D7C /* Song Rating */ = {
			isa = PBXNativeTarget;
			buildConfigurationList = DB106C5D22C53D4C00502D7C /* Build configuration list for PBXNativeTarget "Song Rating" */;
			buildPhases = (
				4CEB50D4B9B141209A09339D /* [CP] Check Pods Manifest.lock */,
				DB106C3E22C53D4B00502D7C /* Sources */,
				DB106C3F22C53D4B00502D7C /* Frameworks */,
				DB106C4022C53D4B00502D7C /* Resources */,
				B9D1366C1C48BE28820D5B87 /* [CP] Embed Pods Frameworks */,
			);
			buildRules = (
			);
			dependencies = (
			);
			name = "Song Rating";
			productName = "Song Rating";
			productReference = DB106C4222C53D4B00502D7C /* Song Rating.app */;
			productType = "com.apple.product-type.application";
		};
		DB106C5322C53D4C00502D7C /* Song RatingTests */ = {
			isa = PBXNativeTarget;
			buildConfigurationList = DB106C6022C53D4C00502D7C /* Build configuration list for PBXNativeTarget "Song RatingTests" */;
			buildPhases = (
				5DC60D5BE7738E690309EAAF /* [CP] Check Pods Manifest.lock */,
				DB106C5022C53D4C00502D7C /* Sources */,
				DB106C5122C53D4C00502D7C /* Frameworks */,
				DB106C5222C53D4C00502D7C /* Resources */,
			);
			buildRules = (
			);
			dependencies = (
				DB106C5622C53D4C00502D7C /* PBXTargetDependency */,
			);
			name = "Song RatingTests";
			productName = "Song RatingTests";
			productReference = DB106C5422C53D4C00502D7C /* Song RatingTests.xctest */;
			productType = "com.apple.product-type.bundle.unit-test";
		};
/* End PBXNativeTarget section */

/* Begin PBXProject section */
		DB106C3A22C53D4B00502D7C /* Project object */ = {
			isa = PBXProject;
			attributes = {
				LastSwiftUpdateCheck = 1020;
				LastUpgradeCheck = 1020;
				ORGANIZATIONNAME = "Cirno MainasuK";
				TargetAttributes = {
					DB106C4122C53D4B00502D7C = {
						CreatedOnToolsVersion = 10.2.1;
						SystemCapabilities = {
							com.apple.HardenedRuntime = {
								enabled = 1;
							};
							com.apple.Sandbox = {
								enabled = 1;
							};
						};
					};
					DB106C5322C53D4C00502D7C = {
						CreatedOnToolsVersion = 10.2.1;
						TestTargetID = DB106C4122C53D4B00502D7C;
					};
				};
			};
			buildConfigurationList = DB106C3D22C53D4B00502D7C /* Build configuration list for PBXProject "Song Rating" */;
			compatibilityVersion = "Xcode 9.3";
			developmentRegion = en;
			hasScannedForEncodings = 0;
			knownRegions = (
				en,
				Base,
			);
			mainGroup = DB106C3922C53D4B00502D7C;
			productRefGroup = DB106C4322C53D4B00502D7C /* Products */;
			projectDirPath = "";
			projectRoot = "";
			targets = (
				DB106C4122C53D4B00502D7C /* Song Rating */,
				DB106C5322C53D4C00502D7C /* Song RatingTests */,
			);
		};
/* End PBXProject section */

/* Begin PBXResourcesBuildPhase section */
		DB106C4022C53D4B00502D7C /* Resources */ = {
			isa = PBXResourcesBuildPhase;
			buildActionMask = 2147483647;
			files = (
				DB106C4A22C53D4C00502D7C /* Assets.xcassets in Resources */,
				DB106C4D22C53D4C00502D7C /* Main.storyboard in Resources */,
			);
			runOnlyForDeploymentPostprocessing = 0;
		};
		DB106C5222C53D4C00502D7C /* Resources */ = {
			isa = PBXResourcesBuildPhase;
			buildActionMask = 2147483647;
			files = (
			);
			runOnlyForDeploymentPostprocessing = 0;
		};
/* End PBXResourcesBuildPhase section */

/* Begin PBXShellScriptBuildPhase section */
		4CEB50D4B9B141209A09339D /* [CP] Check Pods Manifest.lock */ = {
			isa = PBXShellScriptBuildPhase;
			buildActionMask = 2147483647;
			files = (
			);
			inputFileListPaths = (
			);
			inputPaths = (
				"${PODS_PODFILE_DIR_PATH}/Podfile.lock",
				"${PODS_ROOT}/Manifest.lock",
			);
			name = "[CP] Check Pods Manifest.lock";
			outputFileListPaths = (
			);
			outputPaths = (
				"$(DERIVED_FILE_DIR)/Pods-Song Rating-checkManifestLockResult.txt",
			);
			runOnlyForDeploymentPostprocessing = 0;
			shellPath = /bin/sh;
			shellScript = "diff \"${PODS_PODFILE_DIR_PATH}/Podfile.lock\" \"${PODS_ROOT}/Manifest.lock\" > /dev/null\nif [ $? != 0 ] ; then\n    # print error to STDERR\n    echo \"error: The sandbox is not in sync with the Podfile.lock. Run 'pod install' or update your CocoaPods installation.\" >&2\n    exit 1\nfi\n# This output is used by Xcode 'outputs' to avoid re-running this script phase.\necho \"SUCCESS\" > \"${SCRIPT_OUTPUT_FILE_0}\"\n";
			showEnvVarsInLog = 0;
		};
		5DC60D5BE7738E690309EAAF /* [CP] Check Pods Manifest.lock */ = {
			isa = PBXShellScriptBuildPhase;
			buildActionMask = 2147483647;
			files = (
			);
			inputFileListPaths = (
			);
			inputPaths = (
				"${PODS_PODFILE_DIR_PATH}/Podfile.lock",
				"${PODS_ROOT}/Manifest.lock",
			);
			name = "[CP] Check Pods Manifest.lock";
			outputFileListPaths = (
			);
			outputPaths = (
				"$(DERIVED_FILE_DIR)/Pods-Song RatingTests-checkManifestLockResult.txt",
			);
			runOnlyForDeploymentPostprocessing = 0;
			shellPath = /bin/sh;
			shellScript = "diff \"${PODS_PODFILE_DIR_PATH}/Podfile.lock\" \"${PODS_ROOT}/Manifest.lock\" > /dev/null\nif [ $? != 0 ] ; then\n    # print error to STDERR\n    echo \"error: The sandbox is not in sync with the Podfile.lock. Run 'pod install' or update your CocoaPods installation.\" >&2\n    exit 1\nfi\n# This output is used by Xcode 'outputs' to avoid re-running this script phase.\necho \"SUCCESS\" > \"${SCRIPT_OUTPUT_FILE_0}\"\n";
			showEnvVarsInLog = 0;
		};
		B9D1366C1C48BE28820D5B87 /* [CP] Embed Pods Frameworks */ = {
			isa = PBXShellScriptBuildPhase;
			buildActionMask = 2147483647;
			files = (
			);
			inputFileListPaths = (
				"${PODS_ROOT}/Target Support Files/Pods-Song Rating/Pods-Song Rating-frameworks-${CONFIGURATION}-input-files.xcfilelist",
			);
			name = "[CP] Embed Pods Frameworks";
			outputFileListPaths = (
				"${PODS_ROOT}/Target Support Files/Pods-Song Rating/Pods-Song Rating-frameworks-${CONFIGURATION}-output-files.xcfilelist",
			);
			runOnlyForDeploymentPostprocessing = 0;
			shellPath = /bin/sh;
			shellScript = "\"${PODS_ROOT}/Target Support Files/Pods-Song Rating/Pods-Song Rating-frameworks.sh\"\n";
			showEnvVarsInLog = 0;
		};
/* End PBXShellScriptBuildPhase section */

/* Begin PBXSourcesBuildPhase section */
		DB106C3E22C53D4B00502D7C /* Sources */ = {
			isa = PBXSourcesBuildPhase;
			buildActionMask = 2147483647;
			files = (
				DB106C6B22C661F900502D7C /* PlayInfo.swift in Sources */,
				DB106CC422CA86A500502D7C /* iTunes.swift in Sources */,
				DB106C6922C65E8E00502D7C /* iTunesRadioStation.swift in Sources */,
				DB89C9EB22E2B7DF003981F5 /* MenuBarRatingControl.swift in Sources */,
				DB89CA0022E37826003981F5 /* OSVersionHelper.swift in Sources */,
				DB106CA622CA3EE700502D7C /* Stars.swift in Sources */,
				DB95216A22CB186F007FCF40 /* WindowManager.swift in Sources */,
				DB95217222CB3E68007FCF40 /* PreferencesViewController.swift in Sources */,
				DB106CA822CA45BB00502D7C /* RatingControl.swift in Sources */,
				DB89C9F322E2D766003981F5 /* MenuBarIcon.swift in Sources */,
				DB106CA422CA3C7300502D7C /* Star.swift in Sources */,
				DB89C9F122E2C949003981F5 /* iTunesRadioStationTrackRatingChange.swift in Sources */,
				DB95216E22CB1CB8007FCF40 /* AboutViewController.swift in Sources */,
				DB106C4622C53D4B00502D7C /* AppDelegate.swift in Sources */,
			);
			runOnlyForDeploymentPostprocessing = 0;
		};
		DB106C5022C53D4C00502D7C /* Sources */ = {
			isa = PBXSourcesBuildPhase;
			buildActionMask = 2147483647;
			files = (
				DB106C5922C53D4C00502D7C /* Song_RatingTests.swift in Sources */,
				DB89C9F522E3176C003981F5 /* iTunesLibraryTests.swift in Sources */,
			);
			runOnlyForDeploymentPostprocessing = 0;
		};
/* End PBXSourcesBuildPhase section */

/* Begin PBXTargetDependency section */
		DB106C5622C53D4C00502D7C /* PBXTargetDependency */ = {
			isa = PBXTargetDependency;
			target = DB106C4122C53D4B00502D7C /* Song Rating */;
			targetProxy = DB106C5522C53D4C00502D7C /* PBXContainerItemProxy */;
		};
/* End PBXTargetDependency section */

/* Begin PBXVariantGroup section */
		DB106C4B22C53D4C00502D7C /* Main.storyboard */ = {
			isa = PBXVariantGroup;
			children = (
				DB106C4C22C53D4C00502D7C /* Base */,
			);
			name = Main.storyboard;
			sourceTree = "<group>";
		};
/* End PBXVariantGroup section */

/* Begin XCBuildConfiguration section */
		DB106C5B22C53D4C00502D7C /* Debug */ = {
			isa = XCBuildConfiguration;
			buildSettings = {
				ALWAYS_SEARCH_USER_PATHS = NO;
				CLANG_ANALYZER_NONNULL = YES;
				CLANG_ANALYZER_NUMBER_OBJECT_CONVERSION = YES_AGGRESSIVE;
				CLANG_CXX_LANGUAGE_STANDARD = "gnu++14";
				CLANG_CXX_LIBRARY = "libc++";
				CLANG_ENABLE_MODULES = YES;
				CLANG_ENABLE_OBJC_ARC = YES;
				CLANG_ENABLE_OBJC_WEAK = YES;
				CLANG_WARN_BLOCK_CAPTURE_AUTORELEASING = YES;
				CLANG_WARN_BOOL_CONVERSION = YES;
				CLANG_WARN_COMMA = YES;
				CLANG_WARN_CONSTANT_CONVERSION = YES;
				CLANG_WARN_DEPRECATED_OBJC_IMPLEMENTATIONS = YES;
				CLANG_WARN_DIRECT_OBJC_ISA_USAGE = YES_ERROR;
				CLANG_WARN_DOCUMENTATION_COMMENTS = YES;
				CLANG_WARN_EMPTY_BODY = YES;
				CLANG_WARN_ENUM_CONVERSION = YES;
				CLANG_WARN_INFINITE_RECURSION = YES;
				CLANG_WARN_INT_CONVERSION = YES;
				CLANG_WARN_NON_LITERAL_NULL_CONVERSION = YES;
				CLANG_WARN_OBJC_IMPLICIT_RETAIN_SELF = YES;
				CLANG_WARN_OBJC_LITERAL_CONVERSION = YES;
				CLANG_WARN_OBJC_ROOT_CLASS = YES_ERROR;
				CLANG_WARN_RANGE_LOOP_ANALYSIS = YES;
				CLANG_WARN_STRICT_PROTOTYPES = YES;
				CLANG_WARN_SUSPICIOUS_MOVE = YES;
				CLANG_WARN_UNGUARDED_AVAILABILITY = YES_AGGRESSIVE;
				CLANG_WARN_UNREACHABLE_CODE = YES;
				CLANG_WARN__DUPLICATE_METHOD_MATCH = YES;
				CODE_SIGN_IDENTITY = "Mac Developer";
				COPY_PHASE_STRIP = NO;
				DEBUG_INFORMATION_FORMAT = dwarf;
				ENABLE_STRICT_OBJC_MSGSEND = YES;
				ENABLE_TESTABILITY = YES;
				FRAMEWORK_SEARCH_PATHS = "";
				GCC_C_LANGUAGE_STANDARD = gnu11;
				GCC_DYNAMIC_NO_PIC = NO;
				GCC_NO_COMMON_BLOCKS = YES;
				GCC_OPTIMIZATION_LEVEL = 0;
				GCC_PREPROCESSOR_DEFINITIONS = (
					"DEBUG=1",
					"$(inherited)",
				);
				GCC_WARN_64_TO_32_BIT_CONVERSION = YES;
				GCC_WARN_ABOUT_RETURN_TYPE = YES_ERROR;
				GCC_WARN_UNDECLARED_SELECTOR = YES;
				GCC_WARN_UNINITIALIZED_AUTOS = YES_AGGRESSIVE;
				GCC_WARN_UNUSED_FUNCTION = YES;
				GCC_WARN_UNUSED_VARIABLE = YES;
				MACOSX_DEPLOYMENT_TARGET = 10.14;
				MTL_ENABLE_DEBUG_INFO = INCLUDE_SOURCE;
				MTL_FAST_MATH = YES;
				ONLY_ACTIVE_ARCH = YES;
				SDKROOT = macosx;
				SWIFT_ACTIVE_COMPILATION_CONDITIONS = DEBUG;
				SWIFT_OPTIMIZATION_LEVEL = "-Onone";
			};
			name = Debug;
		};
		DB106C5C22C53D4C00502D7C /* Release */ = {
			isa = XCBuildConfiguration;
			buildSettings = {
				ALWAYS_SEARCH_USER_PATHS = NO;
				CLANG_ANALYZER_NONNULL = YES;
				CLANG_ANALYZER_NUMBER_OBJECT_CONVERSION = YES_AGGRESSIVE;
				CLANG_CXX_LANGUAGE_STANDARD = "gnu++14";
				CLANG_CXX_LIBRARY = "libc++";
				CLANG_ENABLE_MODULES = YES;
				CLANG_ENABLE_OBJC_ARC = YES;
				CLANG_ENABLE_OBJC_WEAK = YES;
				CLANG_WARN_BLOCK_CAPTURE_AUTORELEASING = YES;
				CLANG_WARN_BOOL_CONVERSION = YES;
				CLANG_WARN_COMMA = YES;
				CLANG_WARN_CONSTANT_CONVERSION = YES;
				CLANG_WARN_DEPRECATED_OBJC_IMPLEMENTATIONS = YES;
				CLANG_WARN_DIRECT_OBJC_ISA_USAGE = YES_ERROR;
				CLANG_WARN_DOCUMENTATION_COMMENTS = YES;
				CLANG_WARN_EMPTY_BODY = YES;
				CLANG_WARN_ENUM_CONVERSION = YES;
				CLANG_WARN_INFINITE_RECURSION = YES;
				CLANG_WARN_INT_CONVERSION = YES;
				CLANG_WARN_NON_LITERAL_NULL_CONVERSION = YES;
				CLANG_WARN_OBJC_IMPLICIT_RETAIN_SELF = YES;
				CLANG_WARN_OBJC_LITERAL_CONVERSION = YES;
				CLANG_WARN_OBJC_ROOT_CLASS = YES_ERROR;
				CLANG_WARN_RANGE_LOOP_ANALYSIS = YES;
				CLANG_WARN_STRICT_PROTOTYPES = YES;
				CLANG_WARN_SUSPICIOUS_MOVE = YES;
				CLANG_WARN_UNGUARDED_AVAILABILITY = YES_AGGRESSIVE;
				CLANG_WARN_UNREACHABLE_CODE = YES;
				CLANG_WARN__DUPLICATE_METHOD_MATCH = YES;
				CODE_SIGN_IDENTITY = "Mac Developer";
				COPY_PHASE_STRIP = NO;
				DEBUG_INFORMATION_FORMAT = "dwarf-with-dsym";
				ENABLE_NS_ASSERTIONS = NO;
				ENABLE_STRICT_OBJC_MSGSEND = YES;
				FRAMEWORK_SEARCH_PATHS = "";
				GCC_C_LANGUAGE_STANDARD = gnu11;
				GCC_NO_COMMON_BLOCKS = YES;
				GCC_WARN_64_TO_32_BIT_CONVERSION = YES;
				GCC_WARN_ABOUT_RETURN_TYPE = YES_ERROR;
				GCC_WARN_UNDECLARED_SELECTOR = YES;
				GCC_WARN_UNINITIALIZED_AUTOS = YES_AGGRESSIVE;
				GCC_WARN_UNUSED_FUNCTION = YES;
				GCC_WARN_UNUSED_VARIABLE = YES;
				MACOSX_DEPLOYMENT_TARGET = 10.14;
				MTL_ENABLE_DEBUG_INFO = NO;
				MTL_FAST_MATH = YES;
				SDKROOT = macosx;
				SWIFT_COMPILATION_MODE = wholemodule;
				SWIFT_OPTIMIZATION_LEVEL = "-O";
			};
			name = Release;
		};
		DB106C5E22C53D4C00502D7C /* Debug */ = {
			isa = XCBuildConfiguration;
			baseConfigurationReference = 607F74272AF7FF7D00E2879E /* Pods-Song Rating.debug.xcconfig */;
			buildSettings = {
				ASSETCATALOG_COMPILER_APPICON_NAME = AppIcon;
				CODE_SIGN_ENTITLEMENTS = "Song Rating/Song Rating.entitlements";
				CODE_SIGN_STYLE = Automatic;
				COMBINE_HIDPI_IMAGES = YES;
				DEVELOPMENT_TEAM = A8K92XFF77;
				ENABLE_HARDENED_RUNTIME = YES;
				INFOPLIST_FILE = "Song Rating/Info.plist";
				LD_RUNPATH_SEARCH_PATHS = (
					"$(inherited)",
					"@executable_path/../Frameworks",
				);
				PRODUCT_BUNDLE_IDENTIFIER = "com.mainasuk.Song-Rating";
				PRODUCT_NAME = "$(TARGET_NAME)";
				SWIFT_VERSION = 5.0;
			};
			name = Debug;
		};
		DB106C5F22C53D4C00502D7C /* Release */ = {
			isa = XCBuildConfiguration;
			baseConfigurationReference = 3B451B28FF2FB910317B4EF7 /* Pods-Song Rating.release.xcconfig */;
			buildSettings = {
				ASSETCATALOG_COMPILER_APPICON_NAME = AppIcon;
				CODE_SIGN_ENTITLEMENTS = "Song Rating/Song Rating.entitlements";
				CODE_SIGN_STYLE = Automatic;
				COMBINE_HIDPI_IMAGES = YES;
				DEVELOPMENT_TEAM = A8K92XFF77;
				ENABLE_HARDENED_RUNTIME = YES;
				INFOPLIST_FILE = "Song Rating/Info.plist";
				LD_RUNPATH_SEARCH_PATHS = (
					"$(inherited)",
					"@executable_path/../Frameworks",
				);
				PRODUCT_BUNDLE_IDENTIFIER = "com.mainasuk.Song-Rating";
				PRODUCT_NAME = "$(TARGET_NAME)";
				SWIFT_VERSION = 5.0;
			};
			name = Release;
		};
		DB106C6122C53D4C00502D7C /* Debug */ = {
			isa = XCBuildConfiguration;
			baseConfigurationReference = 6B0E3B3CE6260A0C7B82DB6C /* Pods-Song RatingTests.debug.xcconfig */;
			buildSettings = {
				ALWAYS_EMBED_SWIFT_STANDARD_LIBRARIES = YES;
				BUNDLE_LOADER = "$(TEST_HOST)";
				CODE_SIGN_STYLE = Automatic;
				COMBINE_HIDPI_IMAGES = YES;
				DEVELOPMENT_TEAM = A8K92XFF77;
				INFOPLIST_FILE = "Song RatingTests/Info.plist";
				LD_RUNPATH_SEARCH_PATHS = (
					"$(inherited)",
					"@executable_path/../Frameworks",
					"@loader_path/../Frameworks",
				);
				PRODUCT_BUNDLE_IDENTIFIER = "com.mainasuk.Song-RatingTests";
				PRODUCT_NAME = "$(TARGET_NAME)";
				SWIFT_VERSION = 5.0;
				TEST_HOST = "$(BUILT_PRODUCTS_DIR)/Song Rating.app/Contents/MacOS/Song Rating";
			};
			name = Debug;
		};
		DB106C6222C53D4C00502D7C /* Release */ = {
			isa = XCBuildConfiguration;
			baseConfigurationReference = BB3C7008577650EFDD93EC17 /* Pods-Song RatingTests.release.xcconfig */;
			buildSettings = {
				ALWAYS_EMBED_SWIFT_STANDARD_LIBRARIES = YES;
				BUNDLE_LOADER = "$(TEST_HOST)";
				CODE_SIGN_STYLE = Automatic;
				COMBINE_HIDPI_IMAGES = YES;
				DEVELOPMENT_TEAM = A8K92XFF77;
				INFOPLIST_FILE = "Song RatingTests/Info.plist";
				LD_RUNPATH_SEARCH_PATHS = (
					"$(inherited)",
					"@executable_path/../Frameworks",
					"@loader_path/../Frameworks",
				);
				PRODUCT_BUNDLE_IDENTIFIER = "com.mainasuk.Song-RatingTests";
				PRODUCT_NAME = "$(TARGET_NAME)";
				SWIFT_VERSION = 5.0;
				TEST_HOST = "$(BUILT_PRODUCTS_DIR)/Song Rating.app/Contents/MacOS/Song Rating";
			};
			name = Release;
		};
/* End XCBuildConfiguration section */

/* Begin XCConfigurationList section */
		DB106C3D22C53D4B00502D7C /* Build configuration list for PBXProject "Song Rating" */ = {
			isa = XCConfigurationList;
			buildConfigurations = (
				DB106C5B22C53D4C00502D7C /* Debug */,
				DB106C5C22C53D4C00502D7C /* Release */,
			);
			defaultConfigurationIsVisible = 0;
			defaultConfigurationName = Release;
		};
		DB106C5D22C53D4C00502D7C /* Build configuration list for PBXNativeTarget "Song Rating" */ = {
			isa = XCConfigurationList;
			buildConfigurations = (
				DB106C5E22C53D4C00502D7C /* Debug */,
				DB106C5F22C53D4C00502D7C /* Release */,
			);
			defaultConfigurationIsVisible = 0;
			defaultConfigurationName = Release;
		};
		DB106C6022C53D4C00502D7C /* Build configuration list for PBXNativeTarget "Song RatingTests" */ = {
			isa = XCConfigurationList;
			buildConfigurations = (
				DB106C6122C53D4C00502D7C /* Debug */,
				DB106C6222C53D4C00502D7C /* Release */,
			);
			defaultConfigurationIsVisible = 0;
			defaultConfigurationName = Release;
		};
/* End XCConfigurationList section */
	};
	rootObject = DB106C3A22C53D4B00502D7C /* Project object */;
}
