// !$*UTF8*$!
{
	archiveVersion = 1;
	classes = {
	};
	objectVersion = 51;
	objects = {

/* Begin PBXBuildFile section */
		96C540E9972EAA2E182EB6DF /* Pods_Song_RatingTests.framework in Frameworks */ = {isa = PBXBuildFile; fileRef = B59F99505CF4B180ECAECE6A /* Pods_Song_RatingTests.framework */; };
		DB05F0632353909000CE6DF9 /* PlayerPanelViewController.swift in Sources */ = {isa = PBXBuildFile; fileRef = DB05F0622353909000CE6DF9 /* PlayerPanelViewController.swift */; };
		DB05F0652353912500CE6DF9 /* PlayerInfoView.swift in Sources */ = {isa = PBXBuildFile; fileRef = DB05F0642353912500CE6DF9 /* PlayerInfoView.swift */; };
		DB05F0862354CA5800CE6DF9 /* NSViewPreview.swift in Sources */ = {isa = PBXBuildFile; fileRef = DB05F0852354CA5800CE6DF9 /* NSViewPreview.swift */; };
		DB05F0882354CA6B00CE6DF9 /* NSViewControllerPreview.swift in Sources */ = {isa = PBXBuildFile; fileRef = DB05F0872354CA6B00CE6DF9 /* NSViewControllerPreview.swift */; };
		DB05F08A2354FC7700CE6DF9 /* PlayerControlView.swift in Sources */ = {isa = PBXBuildFile; fileRef = DB05F0892354FC7700CE6DF9 /* PlayerControlView.swift */; };
		DB106C4622C53D4B00502D7C /* AppDelegate.swift in Sources */ = {isa = PBXBuildFile; fileRef = DB106C4522C53D4B00502D7C /* AppDelegate.swift */; };
		DB106C4A22C53D4C00502D7C /* Assets.xcassets in Resources */ = {isa = PBXBuildFile; fileRef = DB106C4922C53D4C00502D7C /* Assets.xcassets */; };
		DB106C4D22C53D4C00502D7C /* Main.storyboard in Resources */ = {isa = PBXBuildFile; fileRef = DB106C4B22C53D4C00502D7C /* Main.storyboard */; };
		DB106C5922C53D4C00502D7C /* Song_RatingTests.swift in Sources */ = {isa = PBXBuildFile; fileRef = DB106C5822C53D4C00502D7C /* Song_RatingTests.swift */; };
		DB106C6922C65E8E00502D7C /* iTunesRadioStation.swift in Sources */ = {isa = PBXBuildFile; fileRef = DB106C6822C65E8E00502D7C /* iTunesRadioStation.swift */; };
		DB106C6B22C661F900502D7C /* PlayInfo.swift in Sources */ = {isa = PBXBuildFile; fileRef = DB106C6A22C661F900502D7C /* PlayInfo.swift */; };
		DB106CA422CA3C7300502D7C /* Star.swift in Sources */ = {isa = PBXBuildFile; fileRef = DB106CA322CA3C7300502D7C /* Star.swift */; };
		DB106CA622CA3EE700502D7C /* Stars.swift in Sources */ = {isa = PBXBuildFile; fileRef = DB106CA522CA3EE700502D7C /* Stars.swift */; };
		DB106CA822CA45BB00502D7C /* RatingControl.swift in Sources */ = {isa = PBXBuildFile; fileRef = DB106CA722CA45BB00502D7C /* RatingControl.swift */; };
		DB106CC422CA86A500502D7C /* iTunes.swift in Sources */ = {isa = PBXBuildFile; fileRef = DB106C6322C53DAE00502D7C /* iTunes.swift */; };
		DB11065323047E7F001DA02A /* iTunesPlayerHistory.swift in Sources */ = {isa = PBXBuildFile; fileRef = DB11065223047E7F001DA02A /* iTunesPlayerHistory.swift */; };
		DB27976F2306EA6800DDE3EB /* iTunesPlayer.swift in Sources */ = {isa = PBXBuildFile; fileRef = DB27976E2306EA6800DDE3EB /* iTunesPlayer.swift */; };
		DB2797732306F0EC00DDE3EB /* iTunesApplication.swift in Sources */ = {isa = PBXBuildFile; fileRef = DB2797722306F0EC00DDE3EB /* iTunesApplication.swift */; };
		DB334389235E102600B45ED0 /* ExceptionCatcher.m in Sources */ = {isa = PBXBuildFile; fileRef = DB334388235E102600B45ED0 /* ExceptionCatcher.m */; };
		DB424A352307259800230C7E /* iTunesTrack.swift in Sources */ = {isa = PBXBuildFile; fileRef = DB424A342307259800230C7E /* iTunesTrack.swift */; };
		DB424A3823073CB000230C7E /* PopoverViewController.swift in Sources */ = {isa = PBXBuildFile; fileRef = DB424A3723073CB000230C7E /* PopoverViewController.swift */; };
		DB424A3A23086C1200230C7E /* MovableImageView.swift in Sources */ = {isa = PBXBuildFile; fileRef = DB424A3923086C1200230C7E /* MovableImageView.swift */; };
		DB424A3C230877F400230C7E /* PlayerViewController.swift in Sources */ = {isa = PBXBuildFile; fileRef = DB424A3B230877F400230C7E /* PlayerViewController.swift */; };
		DB424A3E2308936F00230C7E /* AutoScrollTextField.swift in Sources */ = {isa = PBXBuildFile; fileRef = DB424A3D2308936F00230C7E /* AutoScrollTextField.swift */; };
		DB424A41230AF5C200230C7E /* PopoverWindow.swift in Sources */ = {isa = PBXBuildFile; fileRef = DB424A40230AF5C200230C7E /* PopoverWindow.swift */; };
		DB424A45230D877900230C7E /* PlayerHistoryViewController.swift in Sources */ = {isa = PBXBuildFile; fileRef = DB424A44230D877800230C7E /* PlayerHistoryViewController.swift */; };
		DB89C9EB22E2B7DF003981F5 /* MenuBarRatingControl.swift in Sources */ = {isa = PBXBuildFile; fileRef = DB89C9EA22E2B7DF003981F5 /* MenuBarRatingControl.swift */; };
		DB89C9F322E2D766003981F5 /* MenuBarIcon.swift in Sources */ = {isa = PBXBuildFile; fileRef = DB89C9F222E2D766003981F5 /* MenuBarIcon.swift */; };
		DB89C9F522E3176C003981F5 /* iTunesLibraryTests.swift in Sources */ = {isa = PBXBuildFile; fileRef = DB89C9F422E3176C003981F5 /* iTunesLibraryTests.swift */; };
		DB89C9FE22E31B67003981F5 /* iTunesLibrary.framework in Frameworks */ = {isa = PBXBuildFile; fileRef = DB89C9FD22E31B67003981F5 /* iTunesLibrary.framework */; };
		DB89CA0022E37826003981F5 /* OSVersionHelper.swift in Sources */ = {isa = PBXBuildFile; fileRef = DB89C9FF22E37826003981F5 /* OSVersionHelper.swift */; };
		DB89CA0222E37947003981F5 /* ScriptBridgeTests.swift in Sources */ = {isa = PBXBuildFile; fileRef = DB89CA0122E37947003981F5 /* ScriptBridgeTests.swift */; };
		DB95216A22CB186F007FCF40 /* WindowManager.swift in Sources */ = {isa = PBXBuildFile; fileRef = DB95216922CB186F007FCF40 /* WindowManager.swift */; };
		DB95216E22CB1CB8007FCF40 /* AboutViewController.swift in Sources */ = {isa = PBXBuildFile; fileRef = DB95216D22CB1CB8007FCF40 /* AboutViewController.swift */; };
		DB95217222CB3E68007FCF40 /* PreferencesViewController.swift in Sources */ = {isa = PBXBuildFile; fileRef = DB95217122CB3E68007FCF40 /* PreferencesViewController.swift */; };
		DB9D9AF0235F7974008C53C3 /* DispatchQueue.swift in Sources */ = {isa = PBXBuildFile; fileRef = DB9D9AEF235F7974008C53C3 /* DispatchQueue.swift */; };
		DB9D9B592363FC6B008C53C3 /* AppDelegate.swift in Sources */ = {isa = PBXBuildFile; fileRef = DB9D9B582363FC6B008C53C3 /* AppDelegate.swift */; };
		DB9D9B5D2363FC6D008C53C3 /* Assets.xcassets in Resources */ = {isa = PBXBuildFile; fileRef = DB9D9B5C2363FC6D008C53C3 /* Assets.xcassets */; };
		DB9D9B602363FC6D008C53C3 /* Main.storyboard in Resources */ = {isa = PBXBuildFile; fileRef = DB9D9B5E2363FC6D008C53C3 /* Main.storyboard */; };
		DB9D9B672363FD0A008C53C3 /* Song Rating Helper.app in CopyFiles */ = {isa = PBXBuildFile; fileRef = DB9D9B562363FC6B008C53C3 /* Song Rating Helper.app */; settings = {ATTRIBUTES = (RemoveHeadersOnCopy, ); }; };
		DB9D9B6B2363FF45008C53C3 /* NotificationName.swift in Sources */ = {isa = PBXBuildFile; fileRef = DB9D9B6A2363FF45008C53C3 /* NotificationName.swift */; };
		DB9D9B6C2363FF45008C53C3 /* NotificationName.swift in Sources */ = {isa = PBXBuildFile; fileRef = DB9D9B6A2363FF45008C53C3 /* NotificationName.swift */; };
		DB9D9B6F2364288E008C53C3 /* UserDefaults.swift in Sources */ = {isa = PBXBuildFile; fileRef = DB9D9B6E2364288E008C53C3 /* UserDefaults.swift */; };
		DBD6A936250DA48E002C1B6C /* NSBox.swift in Sources */ = {isa = PBXBuildFile; fileRef = DBD6A935250DA48E002C1B6C /* NSBox.swift */; };
		DBD6A938250E0A1C002C1B6C /* NSImage.swift in Sources */ = {isa = PBXBuildFile; fileRef = DBD6A937250E0A1C002C1B6C /* NSImage.swift */; };
		FE421476F34E641428B030E9 /* Pods_Song_Rating.framework in Frameworks */ = {isa = PBXBuildFile; fileRef = 9DFF0EB36C01E667D4778CCC /* Pods_Song_Rating.framework */; };
/* End PBXBuildFile section */

/* Begin PBXContainerItemProxy section */
		DB106C5522C53D4C00502D7C /* PBXContainerItemProxy */ = {
			isa = PBXContainerItemProxy;
			containerPortal = DB106C3A22C53D4B00502D7C /* Project object */;
			proxyType = 1;
			remoteGlobalIDString = DB106C4122C53D4B00502D7C;
			remoteInfo = "Song Rating";
		};
/* End PBXContainerItemProxy section */

/* Begin PBXCopyFilesBuildPhase section */
		DB9D9B662363FCBB008C53C3 /* CopyFiles */ = {
			isa = PBXCopyFilesBuildPhase;
			buildActionMask = 2147483647;
			dstPath = Contents/Library/LoginItems;
			dstSubfolderSpec = 1;
			files = (
				DB9D9B672363FD0A008C53C3 /* Song Rating Helper.app in CopyFiles */,
			);
			runOnlyForDeploymentPostprocessing = 0;
		};
/* End PBXCopyFilesBuildPhase section */

/* Begin PBXFileReference section */
		3B451B28FF2FB910317B4EF7 /* Pods-Song Rating.release.xcconfig */ = {isa = PBXFileReference; includeInIndex = 1; lastKnownFileType = text.xcconfig; name = "Pods-Song Rating.release.xcconfig"; path = "Target Support Files/Pods-Song Rating/Pods-Song Rating.release.xcconfig"; sourceTree = "<group>"; };
		607F74272AF7FF7D00E2879E /* Pods-Song Rating.debug.xcconfig */ = {isa = PBXFileReference; includeInIndex = 1; lastKnownFileType = text.xcconfig; name = "Pods-Song Rating.debug.xcconfig"; path = "Target Support Files/Pods-Song Rating/Pods-Song Rating.debug.xcconfig"; sourceTree = "<group>"; };
		6B0E3B3CE6260A0C7B82DB6C /* Pods-Song RatingTests.debug.xcconfig */ = {isa = PBXFileReference; includeInIndex = 1; lastKnownFileType = text.xcconfig; name = "Pods-Song RatingTests.debug.xcconfig"; path = "Target Support Files/Pods-Song RatingTests/Pods-Song RatingTests.debug.xcconfig"; sourceTree = "<group>"; };
		9DFF0EB36C01E667D4778CCC /* Pods_Song_Rating.framework */ = {isa = PBXFileReference; explicitFileType = wrapper.framework; includeInIndex = 0; path = Pods_Song_Rating.framework; sourceTree = BUILT_PRODUCTS_DIR; };
		B59F99505CF4B180ECAECE6A /* Pods_Song_RatingTests.framework */ = {isa = PBXFileReference; explicitFileType = wrapper.framework; includeInIndex = 0; path = Pods_Song_RatingTests.framework; sourceTree = BUILT_PRODUCTS_DIR; };
		BB3C7008577650EFDD93EC17 /* Pods-Song RatingTests.release.xcconfig */ = {isa = PBXFileReference; includeInIndex = 1; lastKnownFileType = text.xcconfig; name = "Pods-Song RatingTests.release.xcconfig"; path = "Target Support Files/Pods-Song RatingTests/Pods-Song RatingTests.release.xcconfig"; sourceTree = "<group>"; };
		DB05F0622353909000CE6DF9 /* PlayerPanelViewController.swift */ = {isa = PBXFileReference; lastKnownFileType = sourcecode.swift; path = PlayerPanelViewController.swift; sourceTree = "<group>"; };
		DB05F0642353912500CE6DF9 /* PlayerInfoView.swift */ = {isa = PBXFileReference; lastKnownFileType = sourcecode.swift; path = PlayerInfoView.swift; sourceTree = "<group>"; };
		DB05F0852354CA5800CE6DF9 /* NSViewPreview.swift */ = {isa = PBXFileReference; lastKnownFileType = sourcecode.swift; path = NSViewPreview.swift; sourceTree = "<group>"; };
		DB05F0872354CA6B00CE6DF9 /* NSViewControllerPreview.swift */ = {isa = PBXFileReference; lastKnownFileType = sourcecode.swift; path = NSViewControllerPreview.swift; sourceTree = "<group>"; };
		DB05F0892354FC7700CE6DF9 /* PlayerControlView.swift */ = {isa = PBXFileReference; lastKnownFileType = sourcecode.swift; path = PlayerControlView.swift; sourceTree = "<group>"; };
		DB106C4222C53D4B00502D7C /* Song Rating.app */ = {isa = PBXFileReference; explicitFileType = wrapper.application; includeInIndex = 0; path = "Song Rating.app"; sourceTree = BUILT_PRODUCTS_DIR; };
		DB106C4522C53D4B00502D7C /* AppDelegate.swift */ = {isa = PBXFileReference; lastKnownFileType = sourcecode.swift; path = AppDelegate.swift; sourceTree = "<group>"; };
		DB106C4922C53D4C00502D7C /* Assets.xcassets */ = {isa = PBXFileReference; lastKnownFileType = folder.assetcatalog; path = Assets.xcassets; sourceTree = "<group>"; };
		DB106C4C22C53D4C00502D7C /* Base */ = {isa = PBXFileReference; lastKnownFileType = file.storyboard; name = Base; path = Base.lproj/Main.storyboard; sourceTree = "<group>"; };
		DB106C4E22C53D4C00502D7C /* Info.plist */ = {isa = PBXFileReference; lastKnownFileType = text.plist.xml; path = Info.plist; sourceTree = "<group>"; };
		DB106C5422C53D4C00502D7C /* Song RatingTests.xctest */ = {isa = PBXFileReference; explicitFileType = wrapper.cfbundle; includeInIndex = 0; path = "Song RatingTests.xctest"; sourceTree = BUILT_PRODUCTS_DIR; };
		DB106C5822C53D4C00502D7C /* Song_RatingTests.swift */ = {isa = PBXFileReference; lastKnownFileType = sourcecode.swift; path = Song_RatingTests.swift; sourceTree = "<group>"; };
		DB106C5A22C53D4C00502D7C /* Info.plist */ = {isa = PBXFileReference; lastKnownFileType = text.plist.xml; path = Info.plist; sourceTree = "<group>"; };
		DB106C6322C53DAE00502D7C /* iTunes.swift */ = {isa = PBXFileReference; lastKnownFileType = sourcecode.swift; path = iTunes.swift; sourceTree = "<group>"; };
		DB106C6722C5433900502D7C /* Song Rating.entitlements */ = {isa = PBXFileReference; lastKnownFileType = text.plist.entitlements; path = "Song Rating.entitlements"; sourceTree = "<group>"; };
		DB106C6822C65E8E00502D7C /* iTunesRadioStation.swift */ = {isa = PBXFileReference; lastKnownFileType = sourcecode.swift; path = iTunesRadioStation.swift; sourceTree = "<group>"; };
		DB106C6A22C661F900502D7C /* PlayInfo.swift */ = {isa = PBXFileReference; lastKnownFileType = sourcecode.swift; path = PlayInfo.swift; sourceTree = "<group>"; };
		DB106CA322CA3C7300502D7C /* Star.swift */ = {isa = PBXFileReference; lastKnownFileType = sourcecode.swift; path = Star.swift; sourceTree = "<group>"; };
		DB106CA522CA3EE700502D7C /* Stars.swift */ = {isa = PBXFileReference; lastKnownFileType = sourcecode.swift; path = Stars.swift; sourceTree = "<group>"; };
		DB106CA722CA45BB00502D7C /* RatingControl.swift */ = {isa = PBXFileReference; lastKnownFileType = sourcecode.swift; path = RatingControl.swift; sourceTree = "<group>"; };
		DB11065223047E7F001DA02A /* iTunesPlayerHistory.swift */ = {isa = PBXFileReference; lastKnownFileType = sourcecode.swift; path = iTunesPlayerHistory.swift; sourceTree = "<group>"; };
		DB27976E2306EA6800DDE3EB /* iTunesPlayer.swift */ = {isa = PBXFileReference; lastKnownFileType = sourcecode.swift; path = iTunesPlayer.swift; sourceTree = "<group>"; };
		DB2797722306F0EC00DDE3EB /* iTunesApplication.swift */ = {isa = PBXFileReference; lastKnownFileType = sourcecode.swift; path = iTunesApplication.swift; sourceTree = "<group>"; };
		DB334387235E102500B45ED0 /* Song Rating-Bridging-Header.h */ = {isa = PBXFileReference; lastKnownFileType = sourcecode.c.h; path = "Song Rating-Bridging-Header.h"; sourceTree = "<group>"; };
		DB334388235E102600B45ED0 /* ExceptionCatcher.m */ = {isa = PBXFileReference; lastKnownFileType = sourcecode.c.objc; path = ExceptionCatcher.m; sourceTree = "<group>"; };
		DB33438A235E103200B45ED0 /* ExceptionCatcher.h */ = {isa = PBXFileReference; lastKnownFileType = sourcecode.c.h; path = ExceptionCatcher.h; sourceTree = "<group>"; };
		DB424A342307259800230C7E /* iTunesTrack.swift */ = {isa = PBXFileReference; lastKnownFileType = sourcecode.swift; path = iTunesTrack.swift; sourceTree = "<group>"; };
		DB424A3723073CB000230C7E /* PopoverViewController.swift */ = {isa = PBXFileReference; lastKnownFileType = sourcecode.swift; path = PopoverViewController.swift; sourceTree = "<group>"; };
		DB424A3923086C1200230C7E /* MovableImageView.swift */ = {isa = PBXFileReference; lastKnownFileType = sourcecode.swift; path = MovableImageView.swift; sourceTree = "<group>"; };
		DB424A3B230877F400230C7E /* PlayerViewController.swift */ = {isa = PBXFileReference; lastKnownFileType = sourcecode.swift; path = PlayerViewController.swift; sourceTree = "<group>"; };
		DB424A3D2308936F00230C7E /* AutoScrollTextField.swift */ = {isa = PBXFileReference; lastKnownFileType = sourcecode.swift; path = AutoScrollTextField.swift; sourceTree = "<group>"; };
		DB424A40230AF5C200230C7E /* PopoverWindow.swift */ = {isa = PBXFileReference; lastKnownFileType = sourcecode.swift; path = PopoverWindow.swift; sourceTree = "<group>"; };
		DB424A44230D877800230C7E /* PlayerHistoryViewController.swift */ = {isa = PBXFileReference; lastKnownFileType = sourcecode.swift; path = PlayerHistoryViewController.swift; sourceTree = "<group>"; };
		DB89C9EA22E2B7DF003981F5 /* MenuBarRatingControl.swift */ = {isa = PBXFileReference; lastKnownFileType = sourcecode.swift; path = MenuBarRatingControl.swift; sourceTree = "<group>"; };
		DB89C9F222E2D766003981F5 /* MenuBarIcon.swift */ = {isa = PBXFileReference; lastKnownFileType = sourcecode.swift; path = MenuBarIcon.swift; sourceTree = "<group>"; };
		DB89C9F422E3176C003981F5 /* iTunesLibraryTests.swift */ = {isa = PBXFileReference; lastKnownFileType = sourcecode.swift; path = iTunesLibraryTests.swift; sourceTree = "<group>"; };
		DB89C9FD22E31B67003981F5 /* iTunesLibrary.framework */ = {isa = PBXFileReference; lastKnownFileType = wrapper.framework; name = iTunesLibrary.framework; path = System/Library/Frameworks/iTunesLibrary.framework; sourceTree = SDKROOT; };
		DB89C9FF22E37826003981F5 /* OSVersionHelper.swift */ = {isa = PBXFileReference; fileEncoding = 4; lastKnownFileType = sourcecode.swift; path = OSVersionHelper.swift; sourceTree = "<group>"; };
		DB89CA0122E37947003981F5 /* ScriptBridgeTests.swift */ = {isa = PBXFileReference; lastKnownFileType = sourcecode.swift; path = ScriptBridgeTests.swift; sourceTree = "<group>"; };
		DB95216922CB186F007FCF40 /* WindowManager.swift */ = {isa = PBXFileReference; lastKnownFileType = sourcecode.swift; path = WindowManager.swift; sourceTree = "<group>"; };
		DB95216D22CB1CB8007FCF40 /* AboutViewController.swift */ = {isa = PBXFileReference; lastKnownFileType = sourcecode.swift; path = AboutViewController.swift; sourceTree = "<group>"; };
		DB95217122CB3E68007FCF40 /* PreferencesViewController.swift */ = {isa = PBXFileReference; lastKnownFileType = sourcecode.swift; path = PreferencesViewController.swift; sourceTree = "<group>"; };
		DB9D9AEF235F7974008C53C3 /* DispatchQueue.swift */ = {isa = PBXFileReference; lastKnownFileType = sourcecode.swift; path = DispatchQueue.swift; sourceTree = "<group>"; };
		DB9D9B562363FC6B008C53C3 /* Song Rating Helper.app */ = {isa = PBXFileReference; explicitFileType = wrapper.application; includeInIndex = 0; path = "Song Rating Helper.app"; sourceTree = BUILT_PRODUCTS_DIR; };
		DB9D9B582363FC6B008C53C3 /* AppDelegate.swift */ = {isa = PBXFileReference; lastKnownFileType = sourcecode.swift; path = AppDelegate.swift; sourceTree = "<group>"; };
		DB9D9B5C2363FC6D008C53C3 /* Assets.xcassets */ = {isa = PBXFileReference; lastKnownFileType = folder.assetcatalog; path = Assets.xcassets; sourceTree = "<group>"; };
		DB9D9B5F2363FC6D008C53C3 /* Base */ = {isa = PBXFileReference; lastKnownFileType = file.storyboard; name = Base; path = Base.lproj/Main.storyboard; sourceTree = "<group>"; };
		DB9D9B612363FC6D008C53C3 /* Info.plist */ = {isa = PBXFileReference; lastKnownFileType = text.plist.xml; path = Info.plist; sourceTree = "<group>"; };
		DB9D9B622363FC6D008C53C3 /* Song_Rating_Helper.entitlements */ = {isa = PBXFileReference; lastKnownFileType = text.plist.entitlements; path = Song_Rating_Helper.entitlements; sourceTree = "<group>"; };
		DB9D9B682363FD2E008C53C3 /* ServiceManagement.framework */ = {isa = PBXFileReference; lastKnownFileType = wrapper.framework; name = ServiceManagement.framework; path = System/Library/Frameworks/ServiceManagement.framework; sourceTree = SDKROOT; };
		DB9D9B6A2363FF45008C53C3 /* NotificationName.swift */ = {isa = PBXFileReference; lastKnownFileType = sourcecode.swift; path = NotificationName.swift; sourceTree = "<group>"; };
		DB9D9B6E2364288E008C53C3 /* UserDefaults.swift */ = {isa = PBXFileReference; lastKnownFileType = sourcecode.swift; path = UserDefaults.swift; sourceTree = "<group>"; };
		DBD6A935250DA48E002C1B6C /* NSBox.swift */ = {isa = PBXFileReference; lastKnownFileType = sourcecode.swift; path = NSBox.swift; sourceTree = "<group>"; };
		DBD6A937250E0A1C002C1B6C /* NSImage.swift */ = {isa = PBXFileReference; lastKnownFileType = sourcecode.swift; path = NSImage.swift; sourceTree = "<group>"; };
/* End PBXFileReference section */

/* Begin PBXFrameworksBuildPhase section */
		DB106C3F22C53D4B00502D7C /* Frameworks */ = {
			isa = PBXFrameworksBuildPhase;
			buildActionMask = 2147483647;
			files = (
				DB89C9FE22E31B67003981F5 /* iTunesLibrary.framework in Frameworks */,
				FE421476F34E641428B030E9 /* Pods_Song_Rating.framework in Frameworks */,
			);
			runOnlyForDeploymentPostprocessing = 0;
		};
		DB106C5122C53D4C00502D7C /* Frameworks */ = {
			isa = PBXFrameworksBuildPhase;
			buildActionMask = 2147483647;
			files = (
				96C540E9972EAA2E182EB6DF /* Pods_Song_RatingTests.framework in Frameworks */,
			);
			runOnlyForDeploymentPostprocessing = 0;
		};
		DB9D9B532363FC6B008C53C3 /* Frameworks */ = {
			isa = PBXFrameworksBuildPhase;
			buildActionMask = 2147483647;
			files = (
			);
			runOnlyForDeploymentPostprocessing = 0;
		};
/* End PBXFrameworksBuildPhase section */

/* Begin PBXGroup section */
		46D6891CD4F2EAD4E5A9A137 /* Pods */ = {
			isa = PBXGroup;
			children = (
				607F74272AF7FF7D00E2879E /* Pods-Song Rating.debug.xcconfig */,
				3B451B28FF2FB910317B4EF7 /* Pods-Song Rating.release.xcconfig */,
				6B0E3B3CE6260A0C7B82DB6C /* Pods-Song RatingTests.debug.xcconfig */,
				BB3C7008577650EFDD93EC17 /* Pods-Song RatingTests.release.xcconfig */,
			);
			path = Pods;
			sourceTree = "<group>";
		};
		7E6699F3E558528B857B7A62 /* Frameworks */ = {
			isa = PBXGroup;
			children = (
				DB9D9B682363FD2E008C53C3 /* ServiceManagement.framework */,
				DB89C9FD22E31B67003981F5 /* iTunesLibrary.framework */,
				9DFF0EB36C01E667D4778CCC /* Pods_Song_Rating.framework */,
				B59F99505CF4B180ECAECE6A /* Pods_Song_RatingTests.framework */,
			);
			name = Frameworks;
			sourceTree = "<group>";
		};
		DB106C3922C53D4B00502D7C = {
			isa = PBXGroup;
			children = (
				DB106C4422C53D4B00502D7C /* Song Rating */,
				DB106C5722C53D4C00502D7C /* Song RatingTests */,
				DB9D9B572363FC6B008C53C3 /* Song Rating Helper */,
				DB106C4322C53D4B00502D7C /* Products */,
				46D6891CD4F2EAD4E5A9A137 /* Pods */,
				7E6699F3E558528B857B7A62 /* Frameworks */,
			);
			sourceTree = "<group>";
		};
		DB106C4322C53D4B00502D7C /* Products */ = {
			isa = PBXGroup;
			children = (
				DB106C4222C53D4B00502D7C /* Song Rating.app */,
				DB106C5422C53D4C00502D7C /* Song RatingTests.xctest */,
				DB9D9B562363FC6B008C53C3 /* Song Rating Helper.app */,
			);
			name = Products;
			sourceTree = "<group>";
		};
		DB106C4422C53D4B00502D7C /* Song Rating */ = {
			isa = PBXGroup;
			children = (
				DB106C6722C5433900502D7C /* Song Rating.entitlements */,
				DB106C4522C53D4B00502D7C /* AppDelegate.swift */,
				DB95216922CB186F007FCF40 /* WindowManager.swift */,
				DB27976D2306E97500DDE3EB /* Controllers */,
				DB424A3F2308937D00230C7E /* Views */,
				DB106CC622CA9EB600502D7C /* Controls */,
				DB9D9B6D2364287E008C53C3 /* Extension */,
				DB27976C2306E95A00DDE3EB /* Helper */,
				DB106CC822CA9F2D00502D7C /* iTunes */,
				DB106CC722CA9ECE00502D7C /* Supporting Files */,
				DB106C4E22C53D4C00502D7C /* Info.plist */,
			);
			path = "Song Rating";
			sourceTree = "<group>";
		};
		DB106C5722C53D4C00502D7C /* Song RatingTests */ = {
			isa = PBXGroup;
			children = (
				DB106C5822C53D4C00502D7C /* Song_RatingTests.swift */,
				DB89CA0122E37947003981F5 /* ScriptBridgeTests.swift */,
				DB89C9F422E3176C003981F5 /* iTunesLibraryTests.swift */,
				DB106C5A22C53D4C00502D7C /* Info.plist */,
			);
			path = "Song RatingTests";
			sourceTree = "<group>";
		};
		DB106CC522CA9E9000502D7C /* Vendor */ = {
			isa = PBXGroup;
			children = (
				DB106C6322C53DAE00502D7C /* iTunes.swift */,
			);
			path = Vendor;
			sourceTree = "<group>";
		};
		DB106CC622CA9EB600502D7C /* Controls */ = {
			isa = PBXGroup;
			children = (
				DB89C9EA22E2B7DF003981F5 /* MenuBarRatingControl.swift */,
				DB106CA722CA45BB00502D7C /* RatingControl.swift */,
				DB89C9F222E2D766003981F5 /* MenuBarIcon.swift */,
			);
			path = Controls;
			sourceTree = "<group>";
		};
		DB106CC722CA9ECE00502D7C /* Supporting Files */ = {
			isa = PBXGroup;
			children = (
				DB106C4922C53D4C00502D7C /* Assets.xcassets */,
				DB106C4B22C53D4C00502D7C /* Main.storyboard */,
			);
			path = "Supporting Files";
			sourceTree = "<group>";
		};
		DB106CC822CA9F2D00502D7C /* iTunes */ = {
			isa = PBXGroup;
			children = (
				DB106CC522CA9E9000502D7C /* Vendor */,
				DB424A36230725A800230C7E /* Extension */,
				DB106C6822C65E8E00502D7C /* iTunesRadioStation.swift */,
				DB27976E2306EA6800DDE3EB /* iTunesPlayer.swift */,
				DB11065223047E7F001DA02A /* iTunesPlayerHistory.swift */,
				DB106C6A22C661F900502D7C /* PlayInfo.swift */,
			);
			path = iTunes;
			sourceTree = "<group>";
		};
		DB27976C2306E95A00DDE3EB /* Helper */ = {
			isa = PBXGroup;
			children = (
				DB106CA322CA3C7300502D7C /* Star.swift */,
				DB106CA522CA3EE700502D7C /* Stars.swift */,
				DB424A40230AF5C200230C7E /* PopoverWindow.swift */,
				DB89C9FF22E37826003981F5 /* OSVersionHelper.swift */,
				DB05F0852354CA5800CE6DF9 /* NSViewPreview.swift */,
				DB05F0872354CA6B00CE6DF9 /* NSViewControllerPreview.swift */,
				DB33438A235E103200B45ED0 /* ExceptionCatcher.h */,
				DB334388235E102600B45ED0 /* ExceptionCatcher.m */,
				DB334387235E102500B45ED0 /* Song Rating-Bridging-Header.h */,
			);
			path = Helper;
			sourceTree = "<group>";
		};
		DB27976D2306E97500DDE3EB /* Controllers */ = {
			isa = PBXGroup;
			children = (
				DB95216D22CB1CB8007FCF40 /* AboutViewController.swift */,
				DB95217122CB3E68007FCF40 /* PreferencesViewController.swift */,
				DB424A3723073CB000230C7E /* PopoverViewController.swift */,
				DB424A3B230877F400230C7E /* PlayerViewController.swift */,
				DB05F0622353909000CE6DF9 /* PlayerPanelViewController.swift */,
				DB424A44230D877800230C7E /* PlayerHistoryViewController.swift */,
			);
			path = Controllers;
			sourceTree = "<group>";
		};
		DB424A36230725A800230C7E /* Extension */ = {
			isa = PBXGroup;
			children = (
				DB2797722306F0EC00DDE3EB /* iTunesApplication.swift */,
				DB424A342307259800230C7E /* iTunesTrack.swift */,
			);
			path = Extension;
			sourceTree = "<group>";
		};
		DB424A3F2308937D00230C7E /* Views */ = {
			isa = PBXGroup;
			children = (
				DB424A3D2308936F00230C7E /* AutoScrollTextField.swift */,
				DB424A3923086C1200230C7E /* MovableImageView.swift */,
				DB05F0642353912500CE6DF9 /* PlayerInfoView.swift */,
				DB05F0892354FC7700CE6DF9 /* PlayerControlView.swift */,
			);
			path = Views;
			sourceTree = "<group>";
		};
		DB9D9B572363FC6B008C53C3 /* Song Rating Helper */ = {
			isa = PBXGroup;
			children = (
				DB9D9B582363FC6B008C53C3 /* AppDelegate.swift */,
				DB9D9B6A2363FF45008C53C3 /* NotificationName.swift */,
				DB9D9B5C2363FC6D008C53C3 /* Assets.xcassets */,
				DB9D9B5E2363FC6D008C53C3 /* Main.storyboard */,
				DB9D9B612363FC6D008C53C3 /* Info.plist */,
				DB9D9B622363FC6D008C53C3 /* Song_Rating_Helper.entitlements */,
			);
			path = "Song Rating Helper";
			sourceTree = "<group>";
		};
		DB9D9B6D2364287E008C53C3 /* Extension */ = {
			isa = PBXGroup;
			children = (
				DB9D9AEF235F7974008C53C3 /* DispatchQueue.swift */,
				DB9D9B6E2364288E008C53C3 /* UserDefaults.swift */,
				DBD6A935250DA48E002C1B6C /* NSBox.swift */,
				DBD6A937250E0A1C002C1B6C /* NSImage.swift */,
			);
			path = Extension;
			sourceTree = "<group>";
		};
/* End PBXGroup section */

/* Begin PBXNativeTarget section */
		DB106C4122C53D4B00502D7C /* Song Rating */ = {
			isa = PBXNativeTarget;
			buildConfigurationList = DB106C5D22C53D4C00502D7C /* Build configuration list for PBXNativeTarget "Song Rating" */;
			buildPhases = (
				4CEB50D4B9B141209A09339D /* [CP] Check Pods Manifest.lock */,
				DB106C3E22C53D4B00502D7C /* Sources */,
				DB106C3F22C53D4B00502D7C /* Frameworks */,
				DB106C4022C53D4B00502D7C /* Resources */,
				B9D1366C1C48BE28820D5B87 /* [CP] Embed Pods Frameworks */,
				DB9D9B662363FCBB008C53C3 /* CopyFiles */,
			);
			buildRules = (
			);
			dependencies = (
			);
			name = "Song Rating";
			productName = "Song Rating";
			productReference = DB106C4222C53D4B00502D7C /* Song Rating.app */;
			productType = "com.apple.product-type.application";
		};
		DB106C5322C53D4C00502D7C /* Song RatingTests */ = {
			isa = PBXNativeTarget;
			buildConfigurationList = DB106C6022C53D4C00502D7C /* Build configuration list for PBXNativeTarget "Song RatingTests" */;
			buildPhases = (
				5DC60D5BE7738E690309EAAF /* [CP] Check Pods Manifest.lock */,
				DB106C5022C53D4C00502D7C /* Sources */,
				DB106C5122C53D4C00502D7C /* Frameworks */,
				DB106C5222C53D4C00502D7C /* Resources */,
			);
			buildRules = (
			);
			dependencies = (
				DB106C5622C53D4C00502D7C /* PBXTargetDependency */,
			);
			name = "Song RatingTests";
			productName = "Song RatingTests";
			productReference = DB106C5422C53D4C00502D7C /* Song RatingTests.xctest */;
			productType = "com.apple.product-type.bundle.unit-test";
		};
		DB9D9B552363FC6B008C53C3 /* Song Rating Helper */ = {
			isa = PBXNativeTarget;
			buildConfigurationList = DB9D9B652363FC6D008C53C3 /* Build configuration list for PBXNativeTarget "Song Rating Helper" */;
			buildPhases = (
				DB9D9B522363FC6B008C53C3 /* Sources */,
				DB9D9B532363FC6B008C53C3 /* Frameworks */,
				DB9D9B542363FC6B008C53C3 /* Resources */,
			);
			buildRules = (
			);
			dependencies = (
			);
			name = "Song Rating Helper";
			productName = "Song Rating Helper";
			productReference = DB9D9B562363FC6B008C53C3 /* Song Rating Helper.app */;
			productType = "com.apple.product-type.application";
		};
/* End PBXNativeTarget section */

/* Begin PBXProject section */
		DB106C3A22C53D4B00502D7C /* Project object */ = {
			isa = PBXProject;
			attributes = {
				LastSwiftUpdateCheck = 1110;
				LastUpgradeCheck = 1150;
				ORGANIZATIONNAME = "Cirno MainasuK";
				TargetAttributes = {
					DB106C4122C53D4B00502D7C = {
						CreatedOnToolsVersion = 10.2.1;
						LastSwiftMigration = 1110;
						SystemCapabilities = {
							com.apple.HardenedRuntime = {
								enabled = 1;
							};
							com.apple.Sandbox = {
								enabled = 1;
							};
						};
					};
					DB106C5322C53D4C00502D7C = {
						CreatedOnToolsVersion = 10.2.1;
						TestTargetID = DB106C4122C53D4B00502D7C;
					};
					DB9D9B552363FC6B008C53C3 = {
						CreatedOnToolsVersion = 11.1;
					};
				};
			};
			buildConfigurationList = DB106C3D22C53D4B00502D7C /* Build configuration list for PBXProject "Song Rating" */;
			compatibilityVersion = "Xcode 9.3";
			developmentRegion = en;
			hasScannedForEncodings = 0;
			knownRegions = (
				en,
				Base,
			);
			mainGroup = DB106C3922C53D4B00502D7C;
			productRefGroup = DB106C4322C53D4B00502D7C /* Products */;
			projectDirPath = "";
			projectRoot = "";
			targets = (
				DB106C4122C53D4B00502D7C /* Song Rating */,
				DB106C5322C53D4C00502D7C /* Song RatingTests */,
				DB9D9B552363FC6B008C53C3 /* Song Rating Helper */,
			);
		};
/* End PBXProject section */

/* Begin PBXResourcesBuildPhase section */
		DB106C4022C53D4B00502D7C /* Resources */ = {
			isa = PBXResourcesBuildPhase;
			buildActionMask = 2147483647;
			files = (
				DB106C4A22C53D4C00502D7C /* Assets.xcassets in Resources */,
				DB106C4D22C53D4C00502D7C /* Main.storyboard in Resources */,
			);
			runOnlyForDeploymentPostprocessing = 0;
		};
		DB106C5222C53D4C00502D7C /* Resources */ = {
			isa = PBXResourcesBuildPhase;
			buildActionMask = 2147483647;
			files = (
			);
			runOnlyForDeploymentPostprocessing = 0;
		};
		DB9D9B542363FC6B008C53C3 /* Resources */ = {
			isa = PBXResourcesBuildPhase;
			buildActionMask = 2147483647;
			files = (
				DB9D9B5D2363FC6D008C53C3 /* Assets.xcassets in Resources */,
				DB9D9B602363FC6D008C53C3 /* Main.storyboard in Resources */,
			);
			runOnlyForDeploymentPostprocessing = 0;
		};
/* End PBXResourcesBuildPhase section */

/* Begin PBXShellScriptBuildPhase section */
		4CEB50D4B9B141209A09339D /* [CP] Check Pods Manifest.lock */ = {
			isa = PBXShellScriptBuildPhase;
			buildActionMask = 2147483647;
			files = (
			);
			inputFileListPaths = (
			);
			inputPaths = (
				"${PODS_PODFILE_DIR_PATH}/Podfile.lock",
				"${PODS_ROOT}/Manifest.lock",
			);
			name = "[CP] Check Pods Manifest.lock";
			outputFileListPaths = (
			);
			outputPaths = (
				"$(DERIVED_FILE_DIR)/Pods-Song Rating-checkManifestLockResult.txt",
			);
			runOnlyForDeploymentPostprocessing = 0;
			shellPath = /bin/sh;
			shellScript = "diff \"${PODS_PODFILE_DIR_PATH}/Podfile.lock\" \"${PODS_ROOT}/Manifest.lock\" > /dev/null\nif [ $? != 0 ] ; then\n    # print error to STDERR\n    echo \"error: The sandbox is not in sync with the Podfile.lock. Run 'pod install' or update your CocoaPods installation.\" >&2\n    exit 1\nfi\n# This output is used by Xcode 'outputs' to avoid re-running this script phase.\necho \"SUCCESS\" > \"${SCRIPT_OUTPUT_FILE_0}\"\n";
			showEnvVarsInLog = 0;
		};
		5DC60D5BE7738E690309EAAF /* [CP] Check Pods Manifest.lock */ = {
			isa = PBXShellScriptBuildPhase;
			buildActionMask = 2147483647;
			files = (
			);
			inputFileListPaths = (
			);
			inputPaths = (
				"${PODS_PODFILE_DIR_PATH}/Podfile.lock",
				"${PODS_ROOT}/Manifest.lock",
			);
			name = "[CP] Check Pods Manifest.lock";
			outputFileListPaths = (
			);
			outputPaths = (
				"$(DERIVED_FILE_DIR)/Pods-Song RatingTests-checkManifestLockResult.txt",
			);
			runOnlyForDeploymentPostprocessing = 0;
			shellPath = /bin/sh;
			shellScript = "diff \"${PODS_PODFILE_DIR_PATH}/Podfile.lock\" \"${PODS_ROOT}/Manifest.lock\" > /dev/null\nif [ $? != 0 ] ; then\n    # print error to STDERR\n    echo \"error: The sandbox is not in sync with the Podfile.lock. Run 'pod install' or update your CocoaPods installation.\" >&2\n    exit 1\nfi\n# This output is used by Xcode 'outputs' to avoid re-running this script phase.\necho \"SUCCESS\" > \"${SCRIPT_OUTPUT_FILE_0}\"\n";
			showEnvVarsInLog = 0;
		};
		B9D1366C1C48BE28820D5B87 /* [CP] Embed Pods Frameworks */ = {
			isa = PBXShellScriptBuildPhase;
			buildActionMask = 2147483647;
			files = (
			);
			inputFileListPaths = (
				"${PODS_ROOT}/Target Support Files/Pods-Song Rating/Pods-Song Rating-frameworks-${CONFIGURATION}-input-files.xcfilelist",
			);
			name = "[CP] Embed Pods Frameworks";
			outputFileListPaths = (
				"${PODS_ROOT}/Target Support Files/Pods-Song Rating/Pods-Song Rating-frameworks-${CONFIGURATION}-output-files.xcfilelist",
			);
			runOnlyForDeploymentPostprocessing = 0;
			shellPath = /bin/sh;
			shellScript = "\"${PODS_ROOT}/Target Support Files/Pods-Song Rating/Pods-Song Rating-frameworks.sh\"\n";
			showEnvVarsInLog = 0;
		};
/* End PBXShellScriptBuildPhase section */

/* Begin PBXSourcesBuildPhase section */
		DB106C3E22C53D4B00502D7C /* Sources */ = {
			isa = PBXSourcesBuildPhase;
			buildActionMask = 2147483647;
			files = (
				DB106C6B22C661F900502D7C /* PlayInfo.swift in Sources */,
				DB106CC422CA86A500502D7C /* iTunes.swift in Sources */,
				DB334389235E102600B45ED0 /* ExceptionCatcher.m in Sources */,
				DB05F0882354CA6B00CE6DF9 /* NSViewControllerPreview.swift in Sources */,
				DB9D9B6F2364288E008C53C3 /* UserDefaults.swift in Sources */,
				DB27976F2306EA6800DDE3EB /* iTunesPlayer.swift in Sources */,
				DB106C6922C65E8E00502D7C /* iTunesRadioStation.swift in Sources */,
				DB424A3A23086C1200230C7E /* MovableImageView.swift in Sources */,
				DB89C9EB22E2B7DF003981F5 /* MenuBarRatingControl.swift in Sources */,
				DB89CA0022E37826003981F5 /* OSVersionHelper.swift in Sources */,
				DB424A45230D877900230C7E /* PlayerHistoryViewController.swift in Sources */,
				DB106CA622CA3EE700502D7C /* Stars.swift in Sources */,
				DBD6A938250E0A1C002C1B6C /* NSImage.swift in Sources */,
				DB2797732306F0EC00DDE3EB /* iTunesApplication.swift in Sources */,
				DB05F08A2354FC7700CE6DF9 /* PlayerControlView.swift in Sources */,
				DB424A3C230877F400230C7E /* PlayerViewController.swift in Sources */,
				DB95216A22CB186F007FCF40 /* WindowManager.swift in Sources */,
				DBD6A936250DA48E002C1B6C /* NSBox.swift in Sources */,
				DB05F0652353912500CE6DF9 /* PlayerInfoView.swift in Sources */,
				DB9D9B6B2363FF45008C53C3 /* NotificationName.swift in Sources */,
				DB95217222CB3E68007FCF40 /* PreferencesViewController.swift in Sources */,
				DB106CA822CA45BB00502D7C /* RatingControl.swift in Sources */,
				DB05F0632353909000CE6DF9 /* PlayerPanelViewController.swift in Sources */,
				DB05F0862354CA5800CE6DF9 /* NSViewPreview.swift in Sources */,
				DB89C9F322E2D766003981F5 /* MenuBarIcon.swift in Sources */,
				DB106CA422CA3C7300502D7C /* Star.swift in Sources */,
				DB95216E22CB1CB8007FCF40 /* AboutViewController.swift in Sources */,
				DB9D9AF0235F7974008C53C3 /* DispatchQueue.swift in Sources */,
				DB424A352307259800230C7E /* iTunesTrack.swift in Sources */,
				DB106C4622C53D4B00502D7C /* AppDelegate.swift in Sources */,
				DB424A3E2308936F00230C7E /* AutoScrollTextField.swift in Sources */,
				DB424A41230AF5C200230C7E /* PopoverWindow.swift in Sources */,
				DB424A3823073CB000230C7E /* PopoverViewController.swift in Sources */,
				DB11065323047E7F001DA02A /* iTunesPlayerHistory.swift in Sources */,
			);
			runOnlyForDeploymentPostprocessing = 0;
		};
		DB106C5022C53D4C00502D7C /* Sources */ = {
			isa = PBXSourcesBuildPhase;
			buildActionMask = 2147483647;
			files = (
				DB106C5922C53D4C00502D7C /* Song_RatingTests.swift in Sources */,
				DB89C9F522E3176C003981F5 /* iTunesLibraryTests.swift in Sources */,
				DB89CA0222E37947003981F5 /* ScriptBridgeTests.swift in Sources */,
			);
			runOnlyForDeploymentPostprocessing = 0;
		};
		DB9D9B522363FC6B008C53C3 /* Sources */ = {
			isa = PBXSourcesBuildPhase;
			buildActionMask = 2147483647;
			files = (
				DB9D9B6C2363FF45008C53C3 /* NotificationName.swift in Sources */,
				DB9D9B592363FC6B008C53C3 /* AppDelegate.swift in Sources */,
			);
			runOnlyForDeploymentPostprocessing = 0;
		};
/* End PBXSourcesBuildPhase section */

/* Begin PBXTargetDependency section */
		DB106C5622C53D4C00502D7C /* PBXTargetDependency */ = {
			isa = PBXTargetDependency;
			target = DB106C4122C53D4B00502D7C /* Song Rating */;
			targetProxy = DB106C5522C53D4C00502D7C /* PBXContainerItemProxy */;
		};
/* End PBXTargetDependency section */

/* Begin PBXVariantGroup section */
		DB106C4B22C53D4C00502D7C /* Main.storyboard */ = {
			isa = PBXVariantGroup;
			children = (
				DB106C4C22C53D4C00502D7C /* Base */,
			);
			name = Main.storyboard;
			sourceTree = "<group>";
		};
		DB9D9B5E2363FC6D008C53C3 /* Main.storyboard */ = {
			isa = PBXVariantGroup;
			children = (
				DB9D9B5F2363FC6D008C53C3 /* Base */,
			);
			name = Main.storyboard;
			sourceTree = "<group>";
		};
/* End PBXVariantGroup section */

/* Begin XCBuildConfiguration section */
		DB106C5B22C53D4C00502D7C /* Debug */ = {
			isa = XCBuildConfiguration;
			buildSettings = {
				ALWAYS_SEARCH_USER_PATHS = NO;
				CLANG_ANALYZER_NONNULL = YES;
				CLANG_ANALYZER_NUMBER_OBJECT_CONVERSION = YES_AGGRESSIVE;
				CLANG_CXX_LANGUAGE_STANDARD = "gnu++14";
				CLANG_CXX_LIBRARY = "libc++";
				CLANG_ENABLE_MODULES = YES;
				CLANG_ENABLE_OBJC_ARC = YES;
				CLANG_ENABLE_OBJC_WEAK = YES;
				CLANG_WARN_BLOCK_CAPTURE_AUTORELEASING = YES;
				CLANG_WARN_BOOL_CONVERSION = YES;
				CLANG_WARN_COMMA = YES;
				CLANG_WARN_CONSTANT_CONVERSION = YES;
				CLANG_WARN_DEPRECATED_OBJC_IMPLEMENTATIONS = YES;
				CLANG_WARN_DIRECT_OBJC_ISA_USAGE = YES_ERROR;
				CLANG_WARN_DOCUMENTATION_COMMENTS = YES;
				CLANG_WARN_EMPTY_BODY = YES;
				CLANG_WARN_ENUM_CONVERSION = YES;
				CLANG_WARN_INFINITE_RECURSION = YES;
				CLANG_WARN_INT_CONVERSION = YES;
				CLANG_WARN_NON_LITERAL_NULL_CONVERSION = YES;
				CLANG_WARN_OBJC_IMPLICIT_RETAIN_SELF = YES;
				CLANG_WARN_OBJC_LITERAL_CONVERSION = YES;
				CLANG_WARN_OBJC_ROOT_CLASS = YES_ERROR;
				CLANG_WARN_RANGE_LOOP_ANALYSIS = YES;
				CLANG_WARN_STRICT_PROTOTYPES = YES;
				CLANG_WARN_SUSPICIOUS_MOVE = YES;
				CLANG_WARN_UNGUARDED_AVAILABILITY = YES_AGGRESSIVE;
				CLANG_WARN_UNREACHABLE_CODE = YES;
				CLANG_WARN__DUPLICATE_METHOD_MATCH = YES;
				CODE_SIGN_IDENTITY = "Mac Developer";
				COPY_PHASE_STRIP = NO;
				DEBUG_INFORMATION_FORMAT = dwarf;
				ENABLE_STRICT_OBJC_MSGSEND = YES;
				ENABLE_TESTABILITY = YES;
				FRAMEWORK_SEARCH_PATHS = "";
				GCC_C_LANGUAGE_STANDARD = gnu11;
				GCC_DYNAMIC_NO_PIC = NO;
				GCC_NO_COMMON_BLOCKS = YES;
				GCC_OPTIMIZATION_LEVEL = 0;
				GCC_PREPROCESSOR_DEFINITIONS = (
					"DEBUG=1",
					"$(inherited)",
				);
				GCC_WARN_64_TO_32_BIT_CONVERSION = YES;
				GCC_WARN_ABOUT_RETURN_TYPE = YES_ERROR;
				GCC_WARN_UNDECLARED_SELECTOR = YES;
				GCC_WARN_UNINITIALIZED_AUTOS = YES_AGGRESSIVE;
				GCC_WARN_UNUSED_FUNCTION = YES;
				GCC_WARN_UNUSED_VARIABLE = YES;
				MACOSX_DEPLOYMENT_TARGET = 10.14;
				MTL_ENABLE_DEBUG_INFO = INCLUDE_SOURCE;
				MTL_FAST_MATH = YES;
				ONLY_ACTIVE_ARCH = YES;
				SDKROOT = macosx;
				SWIFT_ACTIVE_COMPILATION_CONDITIONS = DEBUG;
				SWIFT_OPTIMIZATION_LEVEL = "-Onone";
			};
			name = Debug;
		};
		DB106C5C22C53D4C00502D7C /* Release */ = {
			isa = XCBuildConfiguration;
			buildSettings = {
				ALWAYS_SEARCH_USER_PATHS = NO;
				CLANG_ANALYZER_NONNULL = YES;
				CLANG_ANALYZER_NUMBER_OBJECT_CONVERSION = YES_AGGRESSIVE;
				CLANG_CXX_LANGUAGE_STANDARD = "gnu++14";
				CLANG_CXX_LIBRARY = "libc++";
				CLANG_ENABLE_MODULES = YES;
				CLANG_ENABLE_OBJC_ARC = YES;
				CLANG_ENABLE_OBJC_WEAK = YES;
				CLANG_WARN_BLOCK_CAPTURE_AUTORELEASING = YES;
				CLANG_WARN_BOOL_CONVERSION = YES;
				CLANG_WARN_COMMA = YES;
				CLANG_WARN_CONSTANT_CONVERSION = YES;
				CLANG_WARN_DEPRECATED_OBJC_IMPLEMENTATIONS = YES;
				CLANG_WARN_DIRECT_OBJC_ISA_USAGE = YES_ERROR;
				CLANG_WARN_DOCUMENTATION_COMMENTS = YES;
				CLANG_WARN_EMPTY_BODY = YES;
				CLANG_WARN_ENUM_CONVERSION = YES;
				CLANG_WARN_INFINITE_RECURSION = YES;
				CLANG_WARN_INT_CONVERSION = YES;
				CLANG_WARN_NON_LITERAL_NULL_CONVERSION = YES;
				CLANG_WARN_OBJC_IMPLICIT_RETAIN_SELF = YES;
				CLANG_WARN_OBJC_LITERAL_CONVERSION = YES;
				CLANG_WARN_OBJC_ROOT_CLASS = YES_ERROR;
				CLANG_WARN_RANGE_LOOP_ANALYSIS = YES;
				CLANG_WARN_STRICT_PROTOTYPES = YES;
				CLANG_WARN_SUSPICIOUS_MOVE = YES;
				CLANG_WARN_UNGUARDED_AVAILABILITY = YES_AGGRESSIVE;
				CLANG_WARN_UNREACHABLE_CODE = YES;
				CLANG_WARN__DUPLICATE_METHOD_MATCH = YES;
				CODE_SIGN_IDENTITY = "Mac Developer";
				COPY_PHASE_STRIP = NO;
				DEBUG_INFORMATION_FORMAT = "dwarf-with-dsym";
				ENABLE_NS_ASSERTIONS = NO;
				ENABLE_STRICT_OBJC_MSGSEND = YES;
				FRAMEWORK_SEARCH_PATHS = "";
				GCC_C_LANGUAGE_STANDARD = gnu11;
				GCC_NO_COMMON_BLOCKS = YES;
				GCC_WARN_64_TO_32_BIT_CONVERSION = YES;
				GCC_WARN_ABOUT_RETURN_TYPE = YES_ERROR;
				GCC_WARN_UNDECLARED_SELECTOR = YES;
				GCC_WARN_UNINITIALIZED_AUTOS = YES_AGGRESSIVE;
				GCC_WARN_UNUSED_FUNCTION = YES;
				GCC_WARN_UNUSED_VARIABLE = YES;
				MACOSX_DEPLOYMENT_TARGET = 10.14;
				MTL_ENABLE_DEBUG_INFO = NO;
				MTL_FAST_MATH = YES;
				SDKROOT = macosx;
				SWIFT_COMPILATION_MODE = wholemodule;
				SWIFT_OPTIMIZATION_LEVEL = "-O";
			};
			name = Release;
		};
		DB106C5E22C53D4C00502D7C /* Debug */ = {
			isa = XCBuildConfiguration;
			baseConfigurationReference = 607F74272AF7FF7D00E2879E /* Pods-Song Rating.debug.xcconfig */;
			buildSettings = {
				ASSETCATALOG_COMPILER_APPICON_NAME = AppIcon;
				CLANG_ENABLE_MODULES = YES;
				CODE_SIGN_ENTITLEMENTS = "Song Rating/Song Rating.entitlements";
				CODE_SIGN_IDENTITY = "Apple Development";
				CODE_SIGN_STYLE = Automatic;
				COMBINE_HIDPI_IMAGES = YES;
				CURRENT_PROJECT_VERSION = 12;
				DEVELOPMENT_TEAM = A8K92XFF77;
				ENABLE_HARDENED_RUNTIME = YES;
				INFOPLIST_FILE = "Song Rating/Info.plist";
				LD_RUNPATH_SEARCH_PATHS = (
					"$(inherited)",
					"@executable_path/../Frameworks",
				);
				MARKETING_VERSION = 1.4.0;
				PRODUCT_BUNDLE_IDENTIFIER = "com.mainasuk.Song-Rating";
				PRODUCT_NAME = "$(TARGET_NAME)";
				PROVISIONING_PROFILE_SPECIFIER = "";
				SWIFT_OBJC_BRIDGING_HEADER = "Song Rating/Helper/Song Rating-Bridging-Header.h";
				SWIFT_OPTIMIZATION_LEVEL = "-Onone";
				SWIFT_VERSION = 5.0;
			};
			name = Debug;
		};
		DB106C5F22C53D4C00502D7C /* Release */ = {
			isa = XCBuildConfiguration;
			baseConfigurationReference = 3B451B28FF2FB910317B4EF7 /* Pods-Song Rating.release.xcconfig */;
			buildSettings = {
				ASSETCATALOG_COMPILER_APPICON_NAME = AppIcon;
				CLANG_ENABLE_MODULES = YES;
				CODE_SIGN_ENTITLEMENTS = "Song Rating/Song Rating.entitlements";
				CODE_SIGN_IDENTITY = "Apple Development";
				CODE_SIGN_STYLE = Automatic;
				COMBINE_HIDPI_IMAGES = YES;
				CURRENT_PROJECT_VERSION = 12;
				DEVELOPMENT_TEAM = A8K92XFF77;
				ENABLE_HARDENED_RUNTIME = YES;
				INFOPLIST_FILE = "Song Rating/Info.plist";
				LD_RUNPATH_SEARCH_PATHS = (
					"$(inherited)",
					"@executable_path/../Frameworks",
				);
				MARKETING_VERSION = 1.4.0;
				PRODUCT_BUNDLE_IDENTIFIER = "com.mainasuk.Song-Rating";
				PRODUCT_NAME = "$(TARGET_NAME)";
				PROVISIONING_PROFILE_SPECIFIER = "";
				SWIFT_OBJC_BRIDGING_HEADER = "Song Rating/Helper/Song Rating-Bridging-Header.h";
				SWIFT_VERSION = 5.0;
			};
			name = Release;
		};
		DB106C6122C53D4C00502D7C /* Debug */ = {
			isa = XCBuildConfiguration;
			baseConfigurationReference = 6B0E3B3CE6260A0C7B82DB6C /* Pods-Song RatingTests.debug.xcconfig */;
			buildSettings = {
				ALWAYS_EMBED_SWIFT_STANDARD_LIBRARIES = YES;
				BUNDLE_LOADER = "$(TEST_HOST)";
				CODE_SIGN_STYLE = Automatic;
				COMBINE_HIDPI_IMAGES = YES;
				DEVELOPMENT_TEAM = A8K92XFF77;
				INFOPLIST_FILE = "Song RatingTests/Info.plist";
				LD_RUNPATH_SEARCH_PATHS = (
					"$(inherited)",
					"@executable_path/../Frameworks",
					"@loader_path/../Frameworks",
				);
				PRODUCT_BUNDLE_IDENTIFIER = "com.mainasuk.Song-RatingTests";
				PRODUCT_NAME = "$(TARGET_NAME)";
				SWIFT_VERSION = 5.0;
				TEST_HOST = "$(BUILT_PRODUCTS_DIR)/Song Rating.app/Contents/MacOS/Song Rating";
			};
			name = Debug;
		};
		DB106C6222C53D4C00502D7C /* Release */ = {
			isa = XCBuildConfiguration;
			baseConfigurationReference = BB3C7008577650EFDD93EC17 /* Pods-Song RatingTests.release.xcconfig */;
			buildSettings = {
				ALWAYS_EMBED_SWIFT_STANDARD_LIBRARIES = YES;
				BUNDLE_LOADER = "$(TEST_HOST)";
				CODE_SIGN_STYLE = Automatic;
				COMBINE_HIDPI_IMAGES = YES;
				DEVELOPMENT_TEAM = A8K92XFF77;
				INFOPLIST_FILE = "Song RatingTests/Info.plist";
				LD_RUNPATH_SEARCH_PATHS = (
					"$(inherited)",
					"@executable_path/../Frameworks",
					"@loader_path/../Frameworks",
				);
				PRODUCT_BUNDLE_IDENTIFIER = "com.mainasuk.Song-RatingTests";
				PRODUCT_NAME = "$(TARGET_NAME)";
				SWIFT_VERSION = 5.0;
				TEST_HOST = "$(BUILT_PRODUCTS_DIR)/Song Rating.app/Contents/MacOS/Song Rating";
			};
			name = Release;
		};
		DB9D9B632363FC6D008C53C3 /* Debug */ = {
			isa = XCBuildConfiguration;
			buildSettings = {
				ASSETCATALOG_COMPILER_APPICON_NAME = AppIcon;
				CODE_SIGN_ENTITLEMENTS = "Song Rating Helper/Song_Rating_Helper.entitlements";
				CODE_SIGN_IDENTITY = "Apple Development";
				CODE_SIGN_STYLE = Automatic;
				COMBINE_HIDPI_IMAGES = YES;
				DEVELOPMENT_TEAM = A8K92XFF77;
				ENABLE_HARDENED_RUNTIME = YES;
				INFOPLIST_FILE = "Song Rating Helper/Info.plist";
				LD_RUNPATH_SEARCH_PATHS = (
					"$(inherited)",
					"@executable_path/../Frameworks",
				);
				MARKETING_VERSION = 1.0.0;
				PRODUCT_BUNDLE_IDENTIFIER = "com.mainasuk.Song-Rating-Helper";
				PRODUCT_NAME = "$(TARGET_NAME)";
				SKIP_INSTALL = YES;
				SWIFT_VERSION = 5.0;
			};
			name = Debug;
		};
		DB9D9B642363FC6D008C53C3 /* Release */ = {
			isa = XCBuildConfiguration;
			buildSettings = {
				ASSETCATALOG_COMPILER_APPICON_NAME = AppIcon;
				CODE_SIGN_ENTITLEMENTS = "Song Rating Helper/Song_Rating_Helper.entitlements";
				CODE_SIGN_IDENTITY = "Apple Development";
				CODE_SIGN_STYLE = Automatic;
				COMBINE_HIDPI_IMAGES = YES;
				DEVELOPMENT_TEAM = A8K92XFF77;
				ENABLE_HARDENED_RUNTIME = YES;
				INFOPLIST_FILE = "Song Rating Helper/Info.plist";
				LD_RUNPATH_SEARCH_PATHS = (
					"$(inherited)",
					"@executable_path/../Frameworks",
				);
				MARKETING_VERSION = 1.0.0;
				PRODUCT_BUNDLE_IDENTIFIER = "com.mainasuk.Song-Rating-Helper";
				PRODUCT_NAME = "$(TARGET_NAME)";
				SKIP_INSTALL = YES;
				SWIFT_VERSION = 5.0;
			};
			name = Release;
		};
/* End XCBuildConfiguration section */

/* Begin XCConfigurationList section */
		DB106C3D22C53D4B00502D7C /* Build configuration list for PBXProject "Song Rating" */ = {
			isa = XCConfigurationList;
			buildConfigurations = (
				DB106C5B22C53D4C00502D7C /* Debug */,
				DB106C5C22C53D4C00502D7C /* Release */,
			);
			defaultConfigurationIsVisible = 0;
			defaultConfigurationName = Release;
		};
		DB106C5D22C53D4C00502D7C /* Build configuration list for PBXNativeTarget "Song Rating" */ = {
			isa = XCConfigurationList;
			buildConfigurations = (
				DB106C5E22C53D4C00502D7C /* Debug */,
				DB106C5F22C53D4C00502D7C /* Release */,
			);
			defaultConfigurationIsVisible = 0;
			defaultConfigurationName = Release;
		};
		DB106C6022C53D4C00502D7C /* Build configuration list for PBXNativeTarget "Song RatingTests" */ = {
			isa = XCConfigurationList;
			buildConfigurations = (
				DB106C6122C53D4C00502D7C /* Debug */,
				DB106C6222C53D4C00502D7C /* Release */,
			);
			defaultConfigurationIsVisible = 0;
			defaultConfigurationName = Release;
		};
		DB9D9B652363FC6D008C53C3 /* Build configuration list for PBXNativeTarget "Song Rating Helper" */ = {
			isa = XCConfigurationList;
			buildConfigurations = (
				DB9D9B632363FC6D008C53C3 /* Debug */,
				DB9D9B642363FC6D008C53C3 /* Release */,
			);
			defaultConfigurationIsVisible = 0;
			defaultConfigurationName = Release;
		};
/* End XCConfigurationList section */
	};
	rootObject = DB106C3A22C53D4B00502D7C /* Project object */;
}
